Microsoft Visual Studio Solution File, Format Version 12.00
# Visual Studio 15
Project("{2150E333-8FDC-42A3-9474-1A3956D46DE8}") = "CMakePredefinedTargets", "CMakePredefinedTargets", "{D3DDB79A-8F43-3A8E-8218-3D733E4A20D4}"
EndProject
Project("{2150E333-8FDC-42A3-9474-1A3956D46DE8}") = "GLFW3", "GLFW3", "{BEEC61FF-2340-33E7-A5F4-E1453BC4A55A}"
EndProject
Project("{2150E333-8FDC-42A3-9474-1A3956D46DE8}") = "Examples", "GLFW3\Examples", "{479E7A52-801C-35DC-9D46-3D139FAED69A}"
EndProject
Project("{2150E333-8FDC-42A3-9474-1A3956D46DE8}") = "Tests", "GLFW3\Tests", "{8E68757E-B9D6-3ECB-ADF0-B0DE93D96312}"
EndProject
Project("{8BC9CEB8-8B4A-11D0-8D11-00A0C91BC942}") = "ALL_BUILD", "ALL_BUILD.vcxproj", "{64561F52-2910-3511-9A3F-79281598E76D}"
	ProjectSection(ProjectDependencies) = postProject
		{1B9F48DC-5FDB-3898-97D9-1BEA52B523CF} = {1B9F48DC-5FDB-3898-97D9-1BEA52B523CF}
		{F39EAFD5-9EA0-3749-9168-C07B7E9E85C9} = {F39EAFD5-9EA0-3749-9168-C07B7E9E85C9}
		{51F4497C-63ED-35E9-8F19-202AA874C70D} = {51F4497C-63ED-35E9-8F19-202AA874C70D}
		{5D873726-F919-349F-B60A-BB59400059C5} = {5D873726-F919-349F-B60A-BB59400059C5}
		{8D7F5F44-EAE8-3D2D-8D85-FFFED5985A24} = {8D7F5F44-EAE8-3D2D-8D85-FFFED5985A24}
		{24640B73-57FA-3A91-91FA-76E9A0D08EAD} = {24640B73-57FA-3A91-91FA-76E9A0D08EAD}
		{07257D47-590E-3142-970F-77A36C1A87BE} = {07257D47-590E-3142-970F-77A36C1A87BE}
		{95257FA4-2E36-3F59-8563-93A7FFEDFFA3} = {95257FA4-2E36-3F59-8563-93A7FFEDFFA3}
		{355810BE-F8CE-308D-9B4C-7A604FBD7396} = {355810BE-F8CE-308D-9B4C-7A604FBD7396}
		{D0C92DB6-AD4E-3D6A-86FE-ECEABC24EBB7} = {D0C92DB6-AD4E-3D6A-86FE-ECEABC24EBB7}
		{E08666F8-BC49-3B42-BB0E-A54D5AC6DF8F} = {E08666F8-BC49-3B42-BB0E-A54D5AC6DF8F}
		{F9D19B4F-3BBB-3ED4-A0CB-68DD33972E2A} = {F9D19B4F-3BBB-3ED4-A0CB-68DD33972E2A}
		{74FE4F83-6561-3C3B-8E2B-EED01BE7AE31} = {74FE4F83-6561-3C3B-8E2B-EED01BE7AE31}
		{0C2D550B-0C0A-3C6D-8723-4F6A9E12D6D3} = {0C2D550B-0C0A-3C6D-8723-4F6A9E12D6D3}
		{DDBF6BDB-4C3F-3E18-ABF4-6C6393625FBA} = {DDBF6BDB-4C3F-3E18-ABF4-6C6393625FBA}
		{7D04CD8D-52CF-3AEE-8F54-9401E1C324B0} = {7D04CD8D-52CF-3AEE-8F54-9401E1C324B0}
		{B8D7BDD9-6E9D-3301-A7F1-12BD6A22220C} = {B8D7BDD9-6E9D-3301-A7F1-12BD6A22220C}
		{C80B8639-3856-3C22-8001-53FB3202F7BB} = {C80B8639-3856-3C22-8001-53FB3202F7BB}
		{5DCE19FD-8296-3DEE-9878-032E16E5919F} = {5DCE19FD-8296-3DEE-9878-032E16E5919F}
		{4C805304-8D18-3B5E-8954-0874DDA86F30} = {4C805304-8D18-3B5E-8954-0874DDA86F30}
		{4CA9EC87-4460-3E66-8F7D-17107632C30A} = {4CA9EC87-4460-3E66-8F7D-17107632C30A}
		{5A92736D-B01A-3926-90E7-EC743B0C1403} = {5A92736D-B01A-3926-90E7-EC743B0C1403}
		{80C62AE8-5A02-3B88-8B54-CA6021A00C37} = {80C62AE8-5A02-3B88-8B54-CA6021A00C37}
		{4BAF0D92-1AC1-3AE6-B67A-B873F01A4194} = {4BAF0D92-1AC1-3AE6-B67A-B873F01A4194}
		{4F05D2B1-3894-3BC1-9674-D293D203DA91} = {4F05D2B1-3894-3BC1-9674-D293D203DA91}
		{3294F4DD-3CCB-33F9-AD19-6384B081047C} = {3294F4DD-3CCB-33F9-AD19-6384B081047C}
		{49755B36-9C69-3944-B3EA-7E95D70DC195} = {49755B36-9C69-3944-B3EA-7E95D70DC195}
		{0FBB5026-2D8A-30FF-A974-9549161D43BA} = {0FBB5026-2D8A-30FF-A974-9549161D43BA}
		{BE0D42BE-1446-3E62-ADC6-AA09549B6F8B} = {BE0D42BE-1446-3E62-ADC6-AA09549B6F8B}
		{1A42F4E3-EF93-32DF-AB28-79B167A4FA00} = {1A42F4E3-EF93-32DF-AB28-79B167A4FA00}
		{12373FCC-043D-3CD3-993B-28969DCA4F0F} = {12373FCC-043D-3CD3-993B-28969DCA4F0F}
		{05C80588-3AE0-358D-BF83-030A920F4E4F} = {05C80588-3AE0-358D-BF83-030A920F4E4F}
		{4257E4A0-5727-3C43-B474-B902F01E9C7C} = {4257E4A0-5727-3C43-B474-B902F01E9C7C}
		{D02EA15D-F7F7-3D8E-AE3E-EE52752CF9C0} = {D02EA15D-F7F7-3D8E-AE3E-EE52752CF9C0}
		{A3089D1D-7E0A-3831-94E2-822B88545E08} = {A3089D1D-7E0A-3831-94E2-822B88545E08}
		{6B249275-CAED-3C63-994A-B674E4D4A98D} = {6B249275-CAED-3C63-994A-B674E4D4A98D}
		{7E039BAF-0280-3AEB-8EAC-487027CECCD0} = {7E039BAF-0280-3AEB-8EAC-487027CECCD0}
		{1B709CC2-5A2A-3B53-9BA0-CB59CEAD72B9} = {1B709CC2-5A2A-3B53-9BA0-CB59CEAD72B9}
		{F6B826FE-D4B6-31DC-8139-6D15023654DC} = {F6B826FE-D4B6-31DC-8139-6D15023654DC}
		{30165303-28F4-363A-9513-EF73802FAC29} = {30165303-28F4-363A-9513-EF73802FAC29}
		{9D7CC6C2-10B5-3B28-85A2-C8FB2C716B11} = {9D7CC6C2-10B5-3B28-85A2-C8FB2C716B11}
		{0A299F05-9E23-35F0-B5A2-F7CE1FBC9452} = {0A299F05-9E23-35F0-B5A2-F7CE1FBC9452}
		{059AD819-905B-3119-9B37-2CBD516674AC} = {059AD819-905B-3119-9B37-2CBD516674AC}
		{327D929A-B6FE-3C07-BFF7-47046D95C3A0} = {327D929A-B6FE-3C07-BFF7-47046D95C3A0}
		{7552466A-B4DF-333C-8B09-59F863F22107} = {7552466A-B4DF-333C-8B09-59F863F22107}
		{C0C8049A-0BA5-32B9-A223-2B14072919AC} = {C0C8049A-0BA5-32B9-A223-2B14072919AC}
		{62CBF51B-52AE-3530-B031-71E9B077A688} = {62CBF51B-52AE-3530-B031-71E9B077A688}
		{F43C1AC2-4745-3D6B-890C-8DB8104DBD70} = {F43C1AC2-4745-3D6B-890C-8DB8104DBD70}
		{136440B1-7CDC-3A94-84C8-789A5063D1A2} = {136440B1-7CDC-3A94-84C8-789A5063D1A2}
		{2B06F809-5096-38F8-9D13-EE2B28032655} = {2B06F809-5096-38F8-9D13-EE2B28032655}
		{7CB2DD9A-1399-3B3F-AD07-55AE1A46C01A} = {7CB2DD9A-1399-3B3F-AD07-55AE1A46C01A}
		{F4199EA9-1131-3297-AA28-51008CAA9FAD} = {F4199EA9-1131-3297-AA28-51008CAA9FAD}
		{2E9D3EE2-50B6-3B1C-B7BE-ADFD079598F0} = {2E9D3EE2-50B6-3B1C-B7BE-ADFD079598F0}
		{6D7E2120-9878-32F3-91B6-BEA5866EC861} = {6D7E2120-9878-32F3-91B6-BEA5866EC861}
		{36D7E069-F8AA-38D8-A9F5-40D562A82E81} = {36D7E069-F8AA-38D8-A9F5-40D562A82E81}
		{9142E049-C972-375E-9971-929E01C8A17F} = {9142E049-C972-375E-9971-929E01C8A17F}
		{B69C4581-C3FD-316D-B32B-E0EA2C3F7EA0} = {B69C4581-C3FD-316D-B32B-E0EA2C3F7EA0}
		{B233ECAD-6CAD-3EA7-97B8-2E8A908031F9} = {B233ECAD-6CAD-3EA7-97B8-2E8A908031F9}
		{DAB783BE-7084-3B59-B171-AD00C040528E} = {DAB783BE-7084-3B59-B171-AD00C040528E}
	EndProjectSection
EndProject
Project("{8BC9CEB8-8B4A-11D0-8D11-00A0C91BC942}") = "ANTTWEAKBAR_116_OGLCORE_GLFW", "external\ANTTWEAKBAR_116_OGLCORE_GLFW.vcxproj", "{1B9F48DC-5FDB-3898-97D9-1BEA52B523CF}"
	ProjectSection(ProjectDependencies) = postProject
		{07257D47-590E-3142-970F-77A36C1A87BE} = {07257D47-590E-3142-970F-77A36C1A87BE}
	EndProjectSection
EndProject
Project("{8BC9CEB8-8B4A-11D0-8D11-00A0C91BC942}") = "BulletCollision", "external\bullet-2.81-rev2613\src\BulletCollision\BulletCollision.vcxproj", "{F39EAFD5-9EA0-3749-9168-C07B7E9E85C9}"
	ProjectSection(ProjectDependencies) = postProject
		{07257D47-590E-3142-970F-77A36C1A87BE} = {07257D47-590E-3142-970F-77A36C1A87BE}
	EndProjectSection
EndProject
Project("{8BC9CEB8-8B4A-11D0-8D11-00A0C91BC942}") = "BulletDynamics", "external\bullet-2.81-rev2613\src\BulletDynamics\BulletDynamics.vcxproj", "{51F4497C-63ED-35E9-8F19-202AA874C70D}"
	ProjectSection(ProjectDependencies) = postProject
		{07257D47-590E-3142-970F-77A36C1A87BE} = {07257D47-590E-3142-970F-77A36C1A87BE}
	EndProjectSection
EndProject
Project("{8BC9CEB8-8B4A-11D0-8D11-00A0C91BC942}") = "BulletSoftBody", "external\bullet-2.81-rev2613\src\BulletSoftBody\BulletSoftBody.vcxproj", "{5D873726-F919-349F-B60A-BB59400059C5}"
	ProjectSection(ProjectDependencies) = postProject
		{07257D47-590E-3142-970F-77A36C1A87BE} = {07257D47-590E-3142-970F-77A36C1A87BE}
	EndProjectSection
EndProject
Project("{8BC9CEB8-8B4A-11D0-8D11-00A0C91BC942}") = "GLEW_1130", "external\GLEW_1130.vcxproj", "{8D7F5F44-EAE8-3D2D-8D85-FFFED5985A24}"
	ProjectSection(ProjectDependencies) = postProject
		{07257D47-590E-3142-970F-77A36C1A87BE} = {07257D47-590E-3142-970F-77A36C1A87BE}
	EndProjectSection
EndProject
Project("{8BC9CEB8-8B4A-11D0-8D11-00A0C91BC942}") = "INSTALL", "INSTALL.vcxproj", "{FA132FA3-E616-3BA9-8E41-2619D58AC41D}"
	ProjectSection(ProjectDependencies) = postProject
		{64561F52-2910-3511-9A3F-79281598E76D} = {64561F52-2910-3511-9A3F-79281598E76D}
		{07257D47-590E-3142-970F-77A36C1A87BE} = {07257D47-590E-3142-970F-77A36C1A87BE}
	EndProjectSection
EndProject
Project("{8BC9CEB8-8B4A-11D0-8D11-00A0C91BC942}") = "LinearMath", "external\bullet-2.81-rev2613\src\LinearMath\LinearMath.vcxproj", "{24640B73-57FA-3A91-91FA-76E9A0D08EAD}"
	ProjectSection(ProjectDependencies) = postProject
		{07257D47-590E-3142-970F-77A36C1A87BE} = {07257D47-590E-3142-970F-77A36C1A87BE}
	EndProjectSection
EndProject
Project("{8BC9CEB8-8B4A-11D0-8D11-00A0C91BC942}") = "ZERO_CHECK", "ZERO_CHECK.vcxproj", "{07257D47-590E-3142-970F-77A36C1A87BE}"
	ProjectSection(ProjectDependencies) = postProject
	EndProjectSection
EndProject
Project("{8BC9CEB8-8B4A-11D0-8D11-00A0C91BC942}") = "assimp", "external\assimp-3.0.1270\code\assimp.vcxproj", "{95257FA4-2E36-3F59-8563-93A7FFEDFFA3}"
	ProjectSection(ProjectDependencies) = postProject
		{07257D47-590E-3142-970F-77A36C1A87BE} = {07257D47-590E-3142-970F-77A36C1A87BE}
		{DAB783BE-7084-3B59-B171-AD00C040528E} = {DAB783BE-7084-3B59-B171-AD00C040528E}
	EndProjectSection
EndProject
Project("{8BC9CEB8-8B4A-11D0-8D11-00A0C91BC942}") = "boing", "external\glfw-3.1.2\examples\boing.vcxproj", "{355810BE-F8CE-308D-9B4C-7A604FBD7396}"
	ProjectSection(ProjectDependencies) = postProject
		{07257D47-590E-3142-970F-77A36C1A87BE} = {07257D47-590E-3142-970F-77A36C1A87BE}
		{7D04CD8D-52CF-3AEE-8F54-9401E1C324B0} = {7D04CD8D-52CF-3AEE-8F54-9401E1C324B0}
	EndProjectSection
EndProject
Project("{8BC9CEB8-8B4A-11D0-8D11-00A0C91BC942}") = "clipboard", "external\glfw-3.1.2\tests\clipboard.vcxproj", "{D0C92DB6-AD4E-3D6A-86FE-ECEABC24EBB7}"
	ProjectSection(ProjectDependencies) = postProject
		{07257D47-590E-3142-970F-77A36C1A87BE} = {07257D47-590E-3142-970F-77A36C1A87BE}
		{7D04CD8D-52CF-3AEE-8F54-9401E1C324B0} = {7D04CD8D-52CF-3AEE-8F54-9401E1C324B0}
	EndProjectSection
EndProject
Project("{8BC9CEB8-8B4A-11D0-8D11-00A0C91BC942}") = "cursor", "external\glfw-3.1.2\tests\cursor.vcxproj", "{E08666F8-BC49-3B42-BB0E-A54D5AC6DF8F}"
	ProjectSection(ProjectDependencies) = postProject
		{07257D47-590E-3142-970F-77A36C1A87BE} = {07257D47-590E-3142-970F-77A36C1A87BE}
		{7D04CD8D-52CF-3AEE-8F54-9401E1C324B0} = {7D04CD8D-52CF-3AEE-8F54-9401E1C324B0}
	EndProjectSection
EndProject
Project("{8BC9CEB8-8B4A-11D0-8D11-00A0C91BC942}") = "empty", "external\glfw-3.1.2\tests\empty.vcxproj", "{F9D19B4F-3BBB-3ED4-A0CB-68DD33972E2A}"
	ProjectSection(ProjectDependencies) = postProject
		{07257D47-590E-3142-970F-77A36C1A87BE} = {07257D47-590E-3142-970F-77A36C1A87BE}
		{7D04CD8D-52CF-3AEE-8F54-9401E1C324B0} = {7D04CD8D-52CF-3AEE-8F54-9401E1C324B0}
	EndProjectSection
EndProject
Project("{8BC9CEB8-8B4A-11D0-8D11-00A0C91BC942}") = "events", "external\glfw-3.1.2\tests\events.vcxproj", "{74FE4F83-6561-3C3B-8E2B-EED01BE7AE31}"
	ProjectSection(ProjectDependencies) = postProject
		{07257D47-590E-3142-970F-77A36C1A87BE} = {07257D47-590E-3142-970F-77A36C1A87BE}
		{7D04CD8D-52CF-3AEE-8F54-9401E1C324B0} = {7D04CD8D-52CF-3AEE-8F54-9401E1C324B0}
	EndProjectSection
EndProject
Project("{8BC9CEB8-8B4A-11D0-8D11-00A0C91BC942}") = "gamma", "external\glfw-3.1.2\tests\gamma.vcxproj", "{0C2D550B-0C0A-3C6D-8723-4F6A9E12D6D3}"
	ProjectSection(ProjectDependencies) = postProject
		{07257D47-590E-3142-970F-77A36C1A87BE} = {07257D47-590E-3142-970F-77A36C1A87BE}
		{7D04CD8D-52CF-3AEE-8F54-9401E1C324B0} = {7D04CD8D-52CF-3AEE-8F54-9401E1C324B0}
	EndProjectSection
EndProject
Project("{8BC9CEB8-8B4A-11D0-8D11-00A0C91BC942}") = "gears", "external\glfw-3.1.2\examples\gears.vcxproj", "{DDBF6BDB-4C3F-3E18-ABF4-6C6393625FBA}"
	ProjectSection(ProjectDependencies) = postProject
		{07257D47-590E-3142-970F-77A36C1A87BE} = {07257D47-590E-3142-970F-77A36C1A87BE}
		{7D04CD8D-52CF-3AEE-8F54-9401E1C324B0} = {7D04CD8D-52CF-3AEE-8F54-9401E1C324B0}
	EndProjectSection
EndProject
Project("{8BC9CEB8-8B4A-11D0-8D11-00A0C91BC942}") = "glfw", "external\glfw-3.1.2\src\glfw.vcxproj", "{7D04CD8D-52CF-3AEE-8F54-9401E1C324B0}"
	ProjectSection(ProjectDependencies) = postProject
		{07257D47-590E-3142-970F-77A36C1A87BE} = {07257D47-590E-3142-970F-77A36C1A87BE}
	EndProjectSection
EndProject
Project("{8BC9CEB8-8B4A-11D0-8D11-00A0C91BC942}") = "glfwinfo", "external\glfw-3.1.2\tests\glfwinfo.vcxproj", "{B8D7BDD9-6E9D-3301-A7F1-12BD6A22220C}"
	ProjectSection(ProjectDependencies) = postProject
		{07257D47-590E-3142-970F-77A36C1A87BE} = {07257D47-590E-3142-970F-77A36C1A87BE}
		{7D04CD8D-52CF-3AEE-8F54-9401E1C324B0} = {7D04CD8D-52CF-3AEE-8F54-9401E1C324B0}
	EndProjectSection
EndProject
Project("{8BC9CEB8-8B4A-11D0-8D11-00A0C91BC942}") = "heightmap", "external\glfw-3.1.2\examples\heightmap.vcxproj", "{C80B8639-3856-3C22-8001-53FB3202F7BB}"
	ProjectSection(ProjectDependencies) = postProject
		{07257D47-590E-3142-970F-77A36C1A87BE} = {07257D47-590E-3142-970F-77A36C1A87BE}
		{7D04CD8D-52CF-3AEE-8F54-9401E1C324B0} = {7D04CD8D-52CF-3AEE-8F54-9401E1C324B0}
	EndProjectSection
EndProject
Project("{8BC9CEB8-8B4A-11D0-8D11-00A0C91BC942}") = "iconify", "external\glfw-3.1.2\tests\iconify.vcxproj", "{5DCE19FD-8296-3DEE-9878-032E16E5919F}"
	ProjectSection(ProjectDependencies) = postProject
		{07257D47-590E-3142-970F-77A36C1A87BE} = {07257D47-590E-3142-970F-77A36C1A87BE}
		{7D04CD8D-52CF-3AEE-8F54-9401E1C324B0} = {7D04CD8D-52CF-3AEE-8F54-9401E1C324B0}
	EndProjectSection
EndProject
Project("{8BC9CEB8-8B4A-11D0-8D11-00A0C91BC942}") = "joysticks", "external\glfw-3.1.2\tests\joysticks.vcxproj", "{4C805304-8D18-3B5E-8954-0874DDA86F30}"
	ProjectSection(ProjectDependencies) = postProject
		{07257D47-590E-3142-970F-77A36C1A87BE} = {07257D47-590E-3142-970F-77A36C1A87BE}
		{7D04CD8D-52CF-3AEE-8F54-9401E1C324B0} = {7D04CD8D-52CF-3AEE-8F54-9401E1C324B0}
	EndProjectSection
EndProject
Project("{8BC9CEB8-8B4A-11D0-8D11-00A0C91BC942}") = "misc05_picking_BulletPhysics", "misc05_picking_BulletPhysics.vcxproj", "{4CA9EC87-4460-3E66-8F7D-17107632C30A}"
	ProjectSection(ProjectDependencies) = postProject
		{1B9F48DC-5FDB-3898-97D9-1BEA52B523CF} = {1B9F48DC-5FDB-3898-97D9-1BEA52B523CF}
		{F39EAFD5-9EA0-3749-9168-C07B7E9E85C9} = {F39EAFD5-9EA0-3749-9168-C07B7E9E85C9}
		{51F4497C-63ED-35E9-8F19-202AA874C70D} = {51F4497C-63ED-35E9-8F19-202AA874C70D}
		{8D7F5F44-EAE8-3D2D-8D85-FFFED5985A24} = {8D7F5F44-EAE8-3D2D-8D85-FFFED5985A24}
		{24640B73-57FA-3A91-91FA-76E9A0D08EAD} = {24640B73-57FA-3A91-91FA-76E9A0D08EAD}
		{07257D47-590E-3142-970F-77A36C1A87BE} = {07257D47-590E-3142-970F-77A36C1A87BE}
		{7D04CD8D-52CF-3AEE-8F54-9401E1C324B0} = {7D04CD8D-52CF-3AEE-8F54-9401E1C324B0}
	EndProjectSection
EndProject
Project("{8BC9CEB8-8B4A-11D0-8D11-00A0C91BC942}") = "misc05_picking_custom", "misc05_picking_custom.vcxproj", "{5A92736D-B01A-3926-90E7-EC743B0C1403}"
	ProjectSection(ProjectDependencies) = postProject
		{1B9F48DC-5FDB-3898-97D9-1BEA52B523CF} = {1B9F48DC-5FDB-3898-97D9-1BEA52B523CF}
		{8D7F5F44-EAE8-3D2D-8D85-FFFED5985A24} = {8D7F5F44-EAE8-3D2D-8D85-FFFED5985A24}
		{07257D47-590E-3142-970F-77A36C1A87BE} = {07257D47-590E-3142-970F-77A36C1A87BE}
		{7D04CD8D-52CF-3AEE-8F54-9401E1C324B0} = {7D04CD8D-52CF-3AEE-8F54-9401E1C324B0}
	EndProjectSection
EndProject
Project("{8BC9CEB8-8B4A-11D0-8D11-00A0C91BC942}") = "misc05_picking_slow_easy", "misc05_picking_slow_easy.vcxproj", "{80C62AE8-5A02-3B88-8B54-CA6021A00C37}"
	ProjectSection(ProjectDependencies) = postProject
		{1B9F48DC-5FDB-3898-97D9-1BEA52B523CF} = {1B9F48DC-5FDB-3898-97D9-1BEA52B523CF}
		{8D7F5F44-EAE8-3D2D-8D85-FFFED5985A24} = {8D7F5F44-EAE8-3D2D-8D85-FFFED5985A24}
		{07257D47-590E-3142-970F-77A36C1A87BE} = {07257D47-590E-3142-970F-77A36C1A87BE}
		{7D04CD8D-52CF-3AEE-8F54-9401E1C324B0} = {7D04CD8D-52CF-3AEE-8F54-9401E1C324B0}
	EndProjectSection
EndProject
Project("{8BC9CEB8-8B4A-11D0-8D11-00A0C91BC942}") = "monitors", "external\glfw-3.1.2\tests\monitors.vcxproj", "{4BAF0D92-1AC1-3AE6-B67A-B873F01A4194}"
	ProjectSection(ProjectDependencies) = postProject
		{07257D47-590E-3142-970F-77A36C1A87BE} = {07257D47-590E-3142-970F-77A36C1A87BE}
		{7D04CD8D-52CF-3AEE-8F54-9401E1C324B0} = {7D04CD8D-52CF-3AEE-8F54-9401E1C324B0}
	EndProjectSection
EndProject
Project("{8BC9CEB8-8B4A-11D0-8D11-00A0C91BC942}") = "msaa", "external\glfw-3.1.2\tests\msaa.vcxproj", "{4F05D2B1-3894-3BC1-9674-D293D203DA91}"
	ProjectSection(ProjectDependencies) = postProject
		{07257D47-590E-3142-970F-77A36C1A87BE} = {07257D47-590E-3142-970F-77A36C1A87BE}
		{7D04CD8D-52CF-3AEE-8F54-9401E1C324B0} = {7D04CD8D-52CF-3AEE-8F54-9401E1C324B0}
	EndProjectSection
EndProject
Project("{8BC9CEB8-8B4A-11D0-8D11-00A0C91BC942}") = "particles", "external\glfw-3.1.2\examples\particles.vcxproj", "{3294F4DD-3CCB-33F9-AD19-6384B081047C}"
	ProjectSection(ProjectDependencies) = postProject
		{07257D47-590E-3142-970F-77A36C1A87BE} = {07257D47-590E-3142-970F-77A36C1A87BE}
		{7D04CD8D-52CF-3AEE-8F54-9401E1C324B0} = {7D04CD8D-52CF-3AEE-8F54-9401E1C324B0}
	EndProjectSection
EndProject
Project("{8BC9CEB8-8B4A-11D0-8D11-00A0C91BC942}") = "playground", "playground.vcxproj", "{49755B36-9C69-3944-B3EA-7E95D70DC195}"
	ProjectSection(ProjectDependencies) = postProject
		{8D7F5F44-EAE8-3D2D-8D85-FFFED5985A24} = {8D7F5F44-EAE8-3D2D-8D85-FFFED5985A24}
		{07257D47-590E-3142-970F-77A36C1A87BE} = {07257D47-590E-3142-970F-77A36C1A87BE}
		{7D04CD8D-52CF-3AEE-8F54-9401E1C324B0} = {7D04CD8D-52CF-3AEE-8F54-9401E1C324B0}
	EndProjectSection
EndProject
Project("{8BC9CEB8-8B4A-11D0-8D11-00A0C91BC942}") = "reopen", "external\glfw-3.1.2\tests\reopen.vcxproj", "{0FBB5026-2D8A-30FF-A974-9549161D43BA}"
	ProjectSection(ProjectDependencies) = postProject
		{07257D47-590E-3142-970F-77A36C1A87BE} = {07257D47-590E-3142-970F-77A36C1A87BE}
		{7D04CD8D-52CF-3AEE-8F54-9401E1C324B0} = {7D04CD8D-52CF-3AEE-8F54-9401E1C324B0}
	EndProjectSection
EndProject
Project("{8BC9CEB8-8B4A-11D0-8D11-00A0C91BC942}") = "sharing", "external\glfw-3.1.2\tests\sharing.vcxproj", "{BE0D42BE-1446-3E62-ADC6-AA09549B6F8B}"
	ProjectSection(ProjectDependencies) = postProject
		{07257D47-590E-3142-970F-77A36C1A87BE} = {07257D47-590E-3142-970F-77A36C1A87BE}
		{7D04CD8D-52CF-3AEE-8F54-9401E1C324B0} = {7D04CD8D-52CF-3AEE-8F54-9401E1C324B0}
	EndProjectSection
EndProject
Project("{8BC9CEB8-8B4A-11D0-8D11-00A0C91BC942}") = "simple", "external\glfw-3.1.2\examples\simple.vcxproj", "{1A42F4E3-EF93-32DF-AB28-79B167A4FA00}"
	ProjectSection(ProjectDependencies) = postProject
		{07257D47-590E-3142-970F-77A36C1A87BE} = {07257D47-590E-3142-970F-77A36C1A87BE}
		{7D04CD8D-52CF-3AEE-8F54-9401E1C324B0} = {7D04CD8D-52CF-3AEE-8F54-9401E1C324B0}
	EndProjectSection
EndProject
Project("{8BC9CEB8-8B4A-11D0-8D11-00A0C91BC942}") = "splitview", "external\glfw-3.1.2\examples\splitview.vcxproj", "{12373FCC-043D-3CD3-993B-28969DCA4F0F}"
	ProjectSection(ProjectDependencies) = postProject
		{07257D47-590E-3142-970F-77A36C1A87BE} = {07257D47-590E-3142-970F-77A36C1A87BE}
		{7D04CD8D-52CF-3AEE-8F54-9401E1C324B0} = {7D04CD8D-52CF-3AEE-8F54-9401E1C324B0}
	EndProjectSection
EndProject
Project("{8BC9CEB8-8B4A-11D0-8D11-00A0C91BC942}") = "tearing", "external\glfw-3.1.2\tests\tearing.vcxproj", "{05C80588-3AE0-358D-BF83-030A920F4E4F}"
	ProjectSection(ProjectDependencies) = postProject
		{07257D47-590E-3142-970F-77A36C1A87BE} = {07257D47-590E-3142-970F-77A36C1A87BE}
		{7D04CD8D-52CF-3AEE-8F54-9401E1C324B0} = {7D04CD8D-52CF-3AEE-8F54-9401E1C324B0}
	EndProjectSection
EndProject
Project("{8BC9CEB8-8B4A-11D0-8D11-00A0C91BC942}") = "threads", "external\glfw-3.1.2\tests\threads.vcxproj", "{4257E4A0-5727-3C43-B474-B902F01E9C7C}"
	ProjectSection(ProjectDependencies) = postProject
		{07257D47-590E-3142-970F-77A36C1A87BE} = {07257D47-590E-3142-970F-77A36C1A87BE}
		{7D04CD8D-52CF-3AEE-8F54-9401E1C324B0} = {7D04CD8D-52CF-3AEE-8F54-9401E1C324B0}
	EndProjectSection
EndProject
Project("{8BC9CEB8-8B4A-11D0-8D11-00A0C91BC942}") = "title", "external\glfw-3.1.2\tests\title.vcxproj", "{D02EA15D-F7F7-3D8E-AE3E-EE52752CF9C0}"
	ProjectSection(ProjectDependencies) = postProject
		{07257D47-590E-3142-970F-77A36C1A87BE} = {07257D47-590E-3142-970F-77A36C1A87BE}
		{7D04CD8D-52CF-3AEE-8F54-9401E1C324B0} = {7D04CD8D-52CF-3AEE-8F54-9401E1C324B0}
	EndProjectSection
EndProject
Project("{8BC9CEB8-8B4A-11D0-8D11-00A0C91BC942}") = "tutorial01_first_window", "tutorial01_first_window.vcxproj", "{A3089D1D-7E0A-3831-94E2-822B88545E08}"
	ProjectSection(ProjectDependencies) = postProject
		{8D7F5F44-EAE8-3D2D-8D85-FFFED5985A24} = {8D7F5F44-EAE8-3D2D-8D85-FFFED5985A24}
		{07257D47-590E-3142-970F-77A36C1A87BE} = {07257D47-590E-3142-970F-77A36C1A87BE}
		{7D04CD8D-52CF-3AEE-8F54-9401E1C324B0} = {7D04CD8D-52CF-3AEE-8F54-9401E1C324B0}
	EndProjectSection
EndProject
Project("{8BC9CEB8-8B4A-11D0-8D11-00A0C91BC942}") = "tutorial02_red_triangle", "tutorial02_red_triangle.vcxproj", "{6B249275-CAED-3C63-994A-B674E4D4A98D}"
	ProjectSection(ProjectDependencies) = postProject
		{8D7F5F44-EAE8-3D2D-8D85-FFFED5985A24} = {8D7F5F44-EAE8-3D2D-8D85-FFFED5985A24}
		{07257D47-590E-3142-970F-77A36C1A87BE} = {07257D47-590E-3142-970F-77A36C1A87BE}
		{7D04CD8D-52CF-3AEE-8F54-9401E1C324B0} = {7D04CD8D-52CF-3AEE-8F54-9401E1C324B0}
	EndProjectSection
EndProject
Project("{8BC9CEB8-8B4A-11D0-8D11-00A0C91BC942}") = "tutorial03_matrices", "tutorial03_matrices.vcxproj", "{7E039BAF-0280-3AEB-8EAC-487027CECCD0}"
	ProjectSection(ProjectDependencies) = postProject
		{8D7F5F44-EAE8-3D2D-8D85-FFFED5985A24} = {8D7F5F44-EAE8-3D2D-8D85-FFFED5985A24}
		{07257D47-590E-3142-970F-77A36C1A87BE} = {07257D47-590E-3142-970F-77A36C1A87BE}
		{7D04CD8D-52CF-3AEE-8F54-9401E1C324B0} = {7D04CD8D-52CF-3AEE-8F54-9401E1C324B0}
	EndProjectSection
EndProject
Project("{8BC9CEB8-8B4A-11D0-8D11-00A0C91BC942}") = "tutorial04_colored_cube", "tutorial04_colored_cube.vcxproj", "{1B709CC2-5A2A-3B53-9BA0-CB59CEAD72B9}"
	ProjectSection(ProjectDependencies) = postProject
		{8D7F5F44-EAE8-3D2D-8D85-FFFED5985A24} = {8D7F5F44-EAE8-3D2D-8D85-FFFED5985A24}
		{07257D47-590E-3142-970F-77A36C1A87BE} = {07257D47-590E-3142-970F-77A36C1A87BE}
		{7D04CD8D-52CF-3AEE-8F54-9401E1C324B0} = {7D04CD8D-52CF-3AEE-8F54-9401E1C324B0}
	EndProjectSection
EndProject
Project("{8BC9CEB8-8B4A-11D0-8D11-00A0C91BC942}") = "tutorial05_textured_cube", "tutorial05_textured_cube.vcxproj", "{F6B826FE-D4B6-31DC-8139-6D15023654DC}"
	ProjectSection(ProjectDependencies) = postProject
		{8D7F5F44-EAE8-3D2D-8D85-FFFED5985A24} = {8D7F5F44-EAE8-3D2D-8D85-FFFED5985A24}
		{07257D47-590E-3142-970F-77A36C1A87BE} = {07257D47-590E-3142-970F-77A36C1A87BE}
		{7D04CD8D-52CF-3AEE-8F54-9401E1C324B0} = {7D04CD8D-52CF-3AEE-8F54-9401E1C324B0}
	EndProjectSection
EndProject
Project("{8BC9CEB8-8B4A-11D0-8D11-00A0C91BC942}") = "tutorial06_keyboard_and_mouse", "tutorial06_keyboard_and_mouse.vcxproj", "{30165303-28F4-363A-9513-EF73802FAC29}"
	ProjectSection(ProjectDependencies) = postProject
		{8D7F5F44-EAE8-3D2D-8D85-FFFED5985A24} = {8D7F5F44-EAE8-3D2D-8D85-FFFED5985A24}
		{07257D47-590E-3142-970F-77A36C1A87BE} = {07257D47-590E-3142-970F-77A36C1A87BE}
		{7D04CD8D-52CF-3AEE-8F54-9401E1C324B0} = {7D04CD8D-52CF-3AEE-8F54-9401E1C324B0}
	EndProjectSection
EndProject
Project("{8BC9CEB8-8B4A-11D0-8D11-00A0C91BC942}") = "tutorial07_model_loading", "tutorial07_model_loading.vcxproj", "{9D7CC6C2-10B5-3B28-85A2-C8FB2C716B11}"
	ProjectSection(ProjectDependencies) = postProject
		{8D7F5F44-EAE8-3D2D-8D85-FFFED5985A24} = {8D7F5F44-EAE8-3D2D-8D85-FFFED5985A24}
		{07257D47-590E-3142-970F-77A36C1A87BE} = {07257D47-590E-3142-970F-77A36C1A87BE}
		{7D04CD8D-52CF-3AEE-8F54-9401E1C324B0} = {7D04CD8D-52CF-3AEE-8F54-9401E1C324B0}
	EndProjectSection
EndProject
Project("{8BC9CEB8-8B4A-11D0-8D11-00A0C91BC942}") = "tutorial08_basic_shading", "tutorial08_basic_shading.vcxproj", "{0A299F05-9E23-35F0-B5A2-F7CE1FBC9452}"
	ProjectSection(ProjectDependencies) = postProject
		{8D7F5F44-EAE8-3D2D-8D85-FFFED5985A24} = {8D7F5F44-EAE8-3D2D-8D85-FFFED5985A24}
		{07257D47-590E-3142-970F-77A36C1A87BE} = {07257D47-590E-3142-970F-77A36C1A87BE}
		{7D04CD8D-52CF-3AEE-8F54-9401E1C324B0} = {7D04CD8D-52CF-3AEE-8F54-9401E1C324B0}
	EndProjectSection
EndProject
Project("{8BC9CEB8-8B4A-11D0-8D11-00A0C91BC942}") = "tutorial09_AssImp", "tutorial09_AssImp.vcxproj", "{059AD819-905B-3119-9B37-2CBD516674AC}"
	ProjectSection(ProjectDependencies) = postProject
		{8D7F5F44-EAE8-3D2D-8D85-FFFED5985A24} = {8D7F5F44-EAE8-3D2D-8D85-FFFED5985A24}
		{07257D47-590E-3142-970F-77A36C1A87BE} = {07257D47-590E-3142-970F-77A36C1A87BE}
		{95257FA4-2E36-3F59-8563-93A7FFEDFFA3} = {95257FA4-2E36-3F59-8563-93A7FFEDFFA3}
		{7D04CD8D-52CF-3AEE-8F54-9401E1C324B0} = {7D04CD8D-52CF-3AEE-8F54-9401E1C324B0}
		{DAB783BE-7084-3B59-B171-AD00C040528E} = {DAB783BE-7084-3B59-B171-AD00C040528E}
	EndProjectSection
EndProject
Project("{8BC9CEB8-8B4A-11D0-8D11-00A0C91BC942}") = "tutorial09_several_objects", "tutorial09_several_objects.vcxproj", "{327D929A-B6FE-3C07-BFF7-47046D95C3A0}"
	ProjectSection(ProjectDependencies) = postProject
		{8D7F5F44-EAE8-3D2D-8D85-FFFED5985A24} = {8D7F5F44-EAE8-3D2D-8D85-FFFED5985A24}
		{07257D47-590E-3142-970F-77A36C1A87BE} = {07257D47-590E-3142-970F-77A36C1A87BE}
		{7D04CD8D-52CF-3AEE-8F54-9401E1C324B0} = {7D04CD8D-52CF-3AEE-8F54-9401E1C324B0}
	EndProjectSection
EndProject
Project("{8BC9CEB8-8B4A-11D0-8D11-00A0C91BC942}") = "tutorial09_vbo_indexing", "tutorial09_vbo_indexing.vcxproj", "{7552466A-B4DF-333C-8B09-59F863F22107}"
	ProjectSection(ProjectDependencies) = postProject
		{8D7F5F44-EAE8-3D2D-8D85-FFFED5985A24} = {8D7F5F44-EAE8-3D2D-8D85-FFFED5985A24}
		{07257D47-590E-3142-970F-77A36C1A87BE} = {07257D47-590E-3142-970F-77A36C1A87BE}
		{7D04CD8D-52CF-3AEE-8F54-9401E1C324B0} = {7D04CD8D-52CF-3AEE-8F54-9401E1C324B0}
	EndProjectSection
EndProject
Project("{8BC9CEB8-8B4A-11D0-8D11-00A0C91BC942}") = "tutorial10_transparency", "tutorial10_transparency.vcxproj", "{C0C8049A-0BA5-32B9-A223-2B14072919AC}"
	ProjectSection(ProjectDependencies) = postProject
		{8D7F5F44-EAE8-3D2D-8D85-FFFED5985A24} = {8D7F5F44-EAE8-3D2D-8D85-FFFED5985A24}
		{07257D47-590E-3142-970F-77A36C1A87BE} = {07257D47-590E-3142-970F-77A36C1A87BE}
		{7D04CD8D-52CF-3AEE-8F54-9401E1C324B0} = {7D04CD8D-52CF-3AEE-8F54-9401E1C324B0}
	EndProjectSection
EndProject
Project("{8BC9CEB8-8B4A-11D0-8D11-00A0C91BC942}") = "tutorial11_2d_fonts", "tutorial11_2d_fonts.vcxproj", "{62CBF51B-52AE-3530-B031-71E9B077A688}"
	ProjectSection(ProjectDependencies) = postProject
		{8D7F5F44-EAE8-3D2D-8D85-FFFED5985A24} = {8D7F5F44-EAE8-3D2D-8D85-FFFED5985A24}
		{07257D47-590E-3142-970F-77A36C1A87BE} = {07257D47-590E-3142-970F-77A36C1A87BE}
		{7D04CD8D-52CF-3AEE-8F54-9401E1C324B0} = {7D04CD8D-52CF-3AEE-8F54-9401E1C324B0}
	EndProjectSection
EndProject
Project("{8BC9CEB8-8B4A-11D0-8D11-00A0C91BC942}") = "tutorial12_extensions", "tutorial12_extensions.vcxproj", "{F43C1AC2-4745-3D6B-890C-8DB8104DBD70}"
	ProjectSection(ProjectDependencies) = postProject
		{8D7F5F44-EAE8-3D2D-8D85-FFFED5985A24} = {8D7F5F44-EAE8-3D2D-8D85-FFFED5985A24}
		{07257D47-590E-3142-970F-77A36C1A87BE} = {07257D47-590E-3142-970F-77A36C1A87BE}
		{7D04CD8D-52CF-3AEE-8F54-9401E1C324B0} = {7D04CD8D-52CF-3AEE-8F54-9401E1C324B0}
	EndProjectSection
EndProject
Project("{8BC9CEB8-8B4A-11D0-8D11-00A0C91BC942}") = "tutorial13_normal_mapping", "tutorial13_normal_mapping.vcxproj", "{136440B1-7CDC-3A94-84C8-789A5063D1A2}"
	ProjectSection(ProjectDependencies) = postProject
		{8D7F5F44-EAE8-3D2D-8D85-FFFED5985A24} = {8D7F5F44-EAE8-3D2D-8D85-FFFED5985A24}
		{07257D47-590E-3142-970F-77A36C1A87BE} = {07257D47-590E-3142-970F-77A36C1A87BE}
		{7D04CD8D-52CF-3AEE-8F54-9401E1C324B0} = {7D04CD8D-52CF-3AEE-8F54-9401E1C324B0}
	EndProjectSection
EndProject
Project("{8BC9CEB8-8B4A-11D0-8D11-00A0C91BC942}") = "tutorial14_render_to_texture", "tutorial14_render_to_texture.vcxproj", "{2B06F809-5096-38F8-9D13-EE2B28032655}"
	ProjectSection(ProjectDependencies) = postProject
		{8D7F5F44-EAE8-3D2D-8D85-FFFED5985A24} = {8D7F5F44-EAE8-3D2D-8D85-FFFED5985A24}
		{07257D47-590E-3142-970F-77A36C1A87BE} = {07257D47-590E-3142-970F-77A36C1A87BE}
		{7D04CD8D-52CF-3AEE-8F54-9401E1C324B0} = {7D04CD8D-52CF-3AEE-8F54-9401E1C324B0}
	EndProjectSection
EndProject
Project("{8BC9CEB8-8B4A-11D0-8D11-00A0C91BC942}") = "tutorial15_lightmaps", "tutorial15_lightmaps.vcxproj", "{7CB2DD9A-1399-3B3F-AD07-55AE1A46C01A}"
	ProjectSection(ProjectDependencies) = postProject
		{8D7F5F44-EAE8-3D2D-8D85-FFFED5985A24} = {8D7F5F44-EAE8-3D2D-8D85-FFFED5985A24}
		{07257D47-590E-3142-970F-77A36C1A87BE} = {07257D47-590E-3142-970F-77A36C1A87BE}
		{7D04CD8D-52CF-3AEE-8F54-9401E1C324B0} = {7D04CD8D-52CF-3AEE-8F54-9401E1C324B0}
	EndProjectSection
EndProject
Project("{8BC9CEB8-8B4A-11D0-8D11-00A0C91BC942}") = "tutorial16_shadowmaps", "tutorial16_shadowmaps.vcxproj", "{F4199EA9-1131-3297-AA28-51008CAA9FAD}"
	ProjectSection(ProjectDependencies) = postProject
		{8D7F5F44-EAE8-3D2D-8D85-FFFED5985A24} = {8D7F5F44-EAE8-3D2D-8D85-FFFED5985A24}
		{07257D47-590E-3142-970F-77A36C1A87BE} = {07257D47-590E-3142-970F-77A36C1A87BE}
		{7D04CD8D-52CF-3AEE-8F54-9401E1C324B0} = {7D04CD8D-52CF-3AEE-8F54-9401E1C324B0}
	EndProjectSection
EndProject
Project("{8BC9CEB8-8B4A-11D0-8D11-00A0C91BC942}") = "tutorial16_shadowmaps_simple", "tutorial16_shadowmaps_simple.vcxproj", "{2E9D3EE2-50B6-3B1C-B7BE-ADFD079598F0}"
	ProjectSection(ProjectDependencies) = postProject
		{8D7F5F44-EAE8-3D2D-8D85-FFFED5985A24} = {8D7F5F44-EAE8-3D2D-8D85-FFFED5985A24}
		{07257D47-590E-3142-970F-77A36C1A87BE} = {07257D47-590E-3142-970F-77A36C1A87BE}
		{7D04CD8D-52CF-3AEE-8F54-9401E1C324B0} = {7D04CD8D-52CF-3AEE-8F54-9401E1C324B0}
	EndProjectSection
EndProject
Project("{8BC9CEB8-8B4A-11D0-8D11-00A0C91BC942}") = "tutorial17_rotations", "tutorial17_rotations.vcxproj", "{6D7E2120-9878-32F3-91B6-BEA5866EC861}"
	ProjectSection(ProjectDependencies) = postProject
		{1B9F48DC-5FDB-3898-97D9-1BEA52B523CF} = {1B9F48DC-5FDB-3898-97D9-1BEA52B523CF}
		{8D7F5F44-EAE8-3D2D-8D85-FFFED5985A24} = {8D7F5F44-EAE8-3D2D-8D85-FFFED5985A24}
		{07257D47-590E-3142-970F-77A36C1A87BE} = {07257D47-590E-3142-970F-77A36C1A87BE}
		{7D04CD8D-52CF-3AEE-8F54-9401E1C324B0} = {7D04CD8D-52CF-3AEE-8F54-9401E1C324B0}
	EndProjectSection
EndProject
Project("{8BC9CEB8-8B4A-11D0-8D11-00A0C91BC942}") = "tutorial18_billboards", "tutorial18_billboards.vcxproj", "{36D7E069-F8AA-38D8-A9F5-40D562A82E81}"
	ProjectSection(ProjectDependencies) = postProject
		{8D7F5F44-EAE8-3D2D-8D85-FFFED5985A24} = {8D7F5F44-EAE8-3D2D-8D85-FFFED5985A24}
		{07257D47-590E-3142-970F-77A36C1A87BE} = {07257D47-590E-3142-970F-77A36C1A87BE}
		{7D04CD8D-52CF-3AEE-8F54-9401E1C324B0} = {7D04CD8D-52CF-3AEE-8F54-9401E1C324B0}
	EndProjectSection
EndProject
Project("{8BC9CEB8-8B4A-11D0-8D11-00A0C91BC942}") = "tutorial18_particles", "tutorial18_particles.vcxproj", "{9142E049-C972-375E-9971-929E01C8A17F}"
	ProjectSection(ProjectDependencies) = postProject
		{8D7F5F44-EAE8-3D2D-8D85-FFFED5985A24} = {8D7F5F44-EAE8-3D2D-8D85-FFFED5985A24}
		{07257D47-590E-3142-970F-77A36C1A87BE} = {07257D47-590E-3142-970F-77A36C1A87BE}
		{7D04CD8D-52CF-3AEE-8F54-9401E1C324B0} = {7D04CD8D-52CF-3AEE-8F54-9401E1C324B0}
	EndProjectSection
EndProject
Project("{8BC9CEB8-8B4A-11D0-8D11-00A0C91BC942}") = "uninstall", "external\glfw-3.1.2\uninstall.vcxproj", "{C353FA9F-3DBB-36A3-859E-146251AE8426}"
	ProjectSection(ProjectDependencies) = postProject
		{07257D47-590E-3142-970F-77A36C1A87BE} = {07257D47-590E-3142-970F-77A36C1A87BE}
	EndProjectSection
EndProject
Project("{8BC9CEB8-8B4A-11D0-8D11-00A0C91BC942}") = "wave", "external\glfw-3.1.2\examples\wave.vcxproj", "{B69C4581-C3FD-316D-B32B-E0EA2C3F7EA0}"
	ProjectSection(ProjectDependencies) = postProject
		{07257D47-590E-3142-970F-77A36C1A87BE} = {07257D47-590E-3142-970F-77A36C1A87BE}
		{7D04CD8D-52CF-3AEE-8F54-9401E1C324B0} = {7D04CD8D-52CF-3AEE-8F54-9401E1C324B0}
	EndProjectSection
EndProject
Project("{8BC9CEB8-8B4A-11D0-8D11-00A0C91BC942}") = "windows", "external\glfw-3.1.2\tests\windows.vcxproj", "{B233ECAD-6CAD-3EA7-97B8-2E8A908031F9}"
	ProjectSection(ProjectDependencies) = postProject
		{07257D47-590E-3142-970F-77A36C1A87BE} = {07257D47-590E-3142-970F-77A36C1A87BE}
		{7D04CD8D-52CF-3AEE-8F54-9401E1C324B0} = {7D04CD8D-52CF-3AEE-8F54-9401E1C324B0}
	EndProjectSection
EndProject
Project("{8BC9CEB8-8B4A-11D0-8D11-00A0C91BC942}") = "zlib", "external\assimp-3.0.1270\contrib\zlib\zlib.vcxproj", "{DAB783BE-7084-3B59-B171-AD00C040528E}"
	ProjectSection(ProjectDependencies) = postProject
		{07257D47-590E-3142-970F-77A36C1A87BE} = {07257D47-590E-3142-970F-77A36C1A87BE}
	EndProjectSection
EndProject
Global
	GlobalSection(SolutionConfigurationPlatforms) = preSolution
		Debug|Win32 = Debug|Win32
		Release|Win32 = Release|Win32
		MinSizeRel|Win32 = MinSizeRel|Win32
		RelWithDebInfo|Win32 = RelWithDebInfo|Win32
	EndGlobalSection
	GlobalSection(ProjectConfigurationPlatforms) = postSolution
		{64561F52-2910-3511-9A3F-79281598E76D}.Debug|Win32.ActiveCfg = Debug|Win32
		{64561F52-2910-3511-9A3F-79281598E76D}.Debug|Win32.Build.0 = Debug|Win32
		{64561F52-2910-3511-9A3F-79281598E76D}.Release|Win32.ActiveCfg = Release|Win32
		{64561F52-2910-3511-9A3F-79281598E76D}.Release|Win32.Build.0 = Release|Win32
		{64561F52-2910-3511-9A3F-79281598E76D}.MinSizeRel|Win32.ActiveCfg = MinSizeRel|Win32
		{64561F52-2910-3511-9A3F-79281598E76D}.MinSizeRel|Win32.Build.0 = MinSizeRel|Win32
		{64561F52-2910-3511-9A3F-79281598E76D}.RelWithDebInfo|Win32.ActiveCfg = RelWithDebInfo|Win32
		{64561F52-2910-3511-9A3F-79281598E76D}.RelWithDebInfo|Win32.Build.0 = RelWithDebInfo|Win32
		{1B9F48DC-5FDB-3898-97D9-1BEA52B523CF}.Debug|Win32.ActiveCfg = Debug|Win32
		{1B9F48DC-5FDB-3898-97D9-1BEA52B523CF}.Debug|Win32.Build.0 = Debug|Win32
		{1B9F48DC-5FDB-3898-97D9-1BEA52B523CF}.Release|Win32.ActiveCfg = Release|Win32
		{1B9F48DC-5FDB-3898-97D9-1BEA52B523CF}.Release|Win32.Build.0 = Release|Win32
		{1B9F48DC-5FDB-3898-97D9-1BEA52B523CF}.MinSizeRel|Win32.ActiveCfg = MinSizeRel|Win32
		{1B9F48DC-5FDB-3898-97D9-1BEA52B523CF}.MinSizeRel|Win32.Build.0 = MinSizeRel|Win32
		{1B9F48DC-5FDB-3898-97D9-1BEA52B523CF}.RelWithDebInfo|Win32.ActiveCfg = RelWithDebInfo|Win32
		{1B9F48DC-5FDB-3898-97D9-1BEA52B523CF}.RelWithDebInfo|Win32.Build.0 = RelWithDebInfo|Win32
		{F39EAFD5-9EA0-3749-9168-C07B7E9E85C9}.Debug|Win32.ActiveCfg = Debug|Win32
		{F39EAFD5-9EA0-3749-9168-C07B7E9E85C9}.Debug|Win32.Build.0 = Debug|Win32
		{F39EAFD5-9EA0-3749-9168-C07B7E9E85C9}.Release|Win32.ActiveCfg = Release|Win32
		{F39EAFD5-9EA0-3749-9168-C07B7E9E85C9}.Release|Win32.Build.0 = Release|Win32
		{F39EAFD5-9EA0-3749-9168-C07B7E9E85C9}.MinSizeRel|Win32.ActiveCfg = MinSizeRel|Win32
		{F39EAFD5-9EA0-3749-9168-C07B7E9E85C9}.MinSizeRel|Win32.Build.0 = MinSizeRel|Win32
		{F39EAFD5-9EA0-3749-9168-C07B7E9E85C9}.RelWithDebInfo|Win32.ActiveCfg = RelWithDebInfo|Win32
		{F39EAFD5-9EA0-3749-9168-C07B7E9E85C9}.RelWithDebInfo|Win32.Build.0 = RelWithDebInfo|Win32
		{51F4497C-63ED-35E9-8F19-202AA874C70D}.Debug|Win32.ActiveCfg = Debug|Win32
		{51F4497C-63ED-35E9-8F19-202AA874C70D}.Debug|Win32.Build.0 = Debug|Win32
		{51F4497C-63ED-35E9-8F19-202AA874C70D}.Release|Win32.ActiveCfg = Release|Win32
		{51F4497C-63ED-35E9-8F19-202AA874C70D}.Release|Win32.Build.0 = Release|Win32
		{51F4497C-63ED-35E9-8F19-202AA874C70D}.MinSizeRel|Win32.ActiveCfg = MinSizeRel|Win32
		{51F4497C-63ED-35E9-8F19-202AA874C70D}.MinSizeRel|Win32.Build.0 = MinSizeRel|Win32
		{51F4497C-63ED-35E9-8F19-202AA874C70D}.RelWithDebInfo|Win32.ActiveCfg = RelWithDebInfo|Win32
		{51F4497C-63ED-35E9-8F19-202AA874C70D}.RelWithDebInfo|Win32.Build.0 = RelWithDebInfo|Win32
		{5D873726-F919-349F-B60A-BB59400059C5}.Debug|Win32.ActiveCfg = Debug|Win32
		{5D873726-F919-349F-B60A-BB59400059C5}.Debug|Win32.Build.0 = Debug|Win32
		{5D873726-F919-349F-B60A-BB59400059C5}.Release|Win32.ActiveCfg = Release|Win32
		{5D873726-F919-349F-B60A-BB59400059C5}.Release|Win32.Build.0 = Release|Win32
		{5D873726-F919-349F-B60A-BB59400059C5}.MinSizeRel|Win32.ActiveCfg = MinSizeRel|Win32
		{5D873726-F919-349F-B60A-BB59400059C5}.MinSizeRel|Win32.Build.0 = MinSizeRel|Win32
		{5D873726-F919-349F-B60A-BB59400059C5}.RelWithDebInfo|Win32.ActiveCfg = RelWithDebInfo|Win32
		{5D873726-F919-349F-B60A-BB59400059C5}.RelWithDebInfo|Win32.Build.0 = RelWithDebInfo|Win32
		{8D7F5F44-EAE8-3D2D-8D85-FFFED5985A24}.Debug|Win32.ActiveCfg = Debug|Win32
		{8D7F5F44-EAE8-3D2D-8D85-FFFED5985A24}.Debug|Win32.Build.0 = Debug|Win32
		{8D7F5F44-EAE8-3D2D-8D85-FFFED5985A24}.Release|Win32.ActiveCfg = Release|Win32
		{8D7F5F44-EAE8-3D2D-8D85-FFFED5985A24}.Release|Win32.Build.0 = Release|Win32
		{8D7F5F44-EAE8-3D2D-8D85-FFFED5985A24}.MinSizeRel|Win32.ActiveCfg = MinSizeRel|Win32
		{8D7F5F44-EAE8-3D2D-8D85-FFFED5985A24}.MinSizeRel|Win32.Build.0 = MinSizeRel|Win32
		{8D7F5F44-EAE8-3D2D-8D85-FFFED5985A24}.RelWithDebInfo|Win32.ActiveCfg = RelWithDebInfo|Win32
		{8D7F5F44-EAE8-3D2D-8D85-FFFED5985A24}.RelWithDebInfo|Win32.Build.0 = RelWithDebInfo|Win32
		{FA132FA3-E616-3BA9-8E41-2619D58AC41D}.Debug|Win32.ActiveCfg = Debug|Win32
		{FA132FA3-E616-3BA9-8E41-2619D58AC41D}.Release|Win32.ActiveCfg = Release|Win32
		{FA132FA3-E616-3BA9-8E41-2619D58AC41D}.MinSizeRel|Win32.ActiveCfg = MinSizeRel|Win32
		{FA132FA3-E616-3BA9-8E41-2619D58AC41D}.RelWithDebInfo|Win32.ActiveCfg = RelWithDebInfo|Win32
		{24640B73-57FA-3A91-91FA-76E9A0D08EAD}.Debug|Win32.ActiveCfg = Debug|Win32
		{24640B73-57FA-3A91-91FA-76E9A0D08EAD}.Debug|Win32.Build.0 = Debug|Win32
		{24640B73-57FA-3A91-91FA-76E9A0D08EAD}.Release|Win32.ActiveCfg = Release|Win32
		{24640B73-57FA-3A91-91FA-76E9A0D08EAD}.Release|Win32.Build.0 = Release|Win32
		{24640B73-57FA-3A91-91FA-76E9A0D08EAD}.MinSizeRel|Win32.ActiveCfg = MinSizeRel|Win32
		{24640B73-57FA-3A91-91FA-76E9A0D08EAD}.MinSizeRel|Win32.Build.0 = MinSizeRel|Win32
		{24640B73-57FA-3A91-91FA-76E9A0D08EAD}.RelWithDebInfo|Win32.ActiveCfg = RelWithDebInfo|Win32
		{24640B73-57FA-3A91-91FA-76E9A0D08EAD}.RelWithDebInfo|Win32.Build.0 = RelWithDebInfo|Win32
		{07257D47-590E-3142-970F-77A36C1A87BE}.Debug|Win32.ActiveCfg = Debug|Win32
		{07257D47-590E-3142-970F-77A36C1A87BE}.Debug|Win32.Build.0 = Debug|Win32
		{07257D47-590E-3142-970F-77A36C1A87BE}.Release|Win32.ActiveCfg = Release|Win32
		{07257D47-590E-3142-970F-77A36C1A87BE}.Release|Win32.Build.0 = Release|Win32
		{07257D47-590E-3142-970F-77A36C1A87BE}.MinSizeRel|Win32.ActiveCfg = MinSizeRel|Win32
		{07257D47-590E-3142-970F-77A36C1A87BE}.MinSizeRel|Win32.Build.0 = MinSizeRel|Win32
		{07257D47-590E-3142-970F-77A36C1A87BE}.RelWithDebInfo|Win32.ActiveCfg = RelWithDebInfo|Win32
		{07257D47-590E-3142-970F-77A36C1A87BE}.RelWithDebInfo|Win32.Build.0 = RelWithDebInfo|Win32
		{95257FA4-2E36-3F59-8563-93A7FFEDFFA3}.Debug|Win32.ActiveCfg = Debug|Win32
		{95257FA4-2E36-3F59-8563-93A7FFEDFFA3}.Debug|Win32.Build.0 = Debug|Win32
		{95257FA4-2E36-3F59-8563-93A7FFEDFFA3}.Release|Win32.ActiveCfg = Release|Win32
		{95257FA4-2E36-3F59-8563-93A7FFEDFFA3}.Release|Win32.Build.0 = Release|Win32
		{95257FA4-2E36-3F59-8563-93A7FFEDFFA3}.MinSizeRel|Win32.ActiveCfg = MinSizeRel|Win32
		{95257FA4-2E36-3F59-8563-93A7FFEDFFA3}.MinSizeRel|Win32.Build.0 = MinSizeRel|Win32
		{95257FA4-2E36-3F59-8563-93A7FFEDFFA3}.RelWithDebInfo|Win32.ActiveCfg = RelWithDebInfo|Win32
		{95257FA4-2E36-3F59-8563-93A7FFEDFFA3}.RelWithDebInfo|Win32.Build.0 = RelWithDebInfo|Win32
		{355810BE-F8CE-308D-9B4C-7A604FBD7396}.Debug|Win32.ActiveCfg = Debug|Win32
		{355810BE-F8CE-308D-9B4C-7A604FBD7396}.Debug|Win32.Build.0 = Debug|Win32
		{355810BE-F8CE-308D-9B4C-7A604FBD7396}.Release|Win32.ActiveCfg = Release|Win32
		{355810BE-F8CE-308D-9B4C-7A604FBD7396}.Release|Win32.Build.0 = Release|Win32
		{355810BE-F8CE-308D-9B4C-7A604FBD7396}.MinSizeRel|Win32.ActiveCfg = MinSizeRel|Win32
		{355810BE-F8CE-308D-9B4C-7A604FBD7396}.MinSizeRel|Win32.Build.0 = MinSizeRel|Win32
		{355810BE-F8CE-308D-9B4C-7A604FBD7396}.RelWithDebInfo|Win32.ActiveCfg = RelWithDebInfo|Win32
		{355810BE-F8CE-308D-9B4C-7A604FBD7396}.RelWithDebInfo|Win32.Build.0 = RelWithDebInfo|Win32
		{D0C92DB6-AD4E-3D6A-86FE-ECEABC24EBB7}.Debug|Win32.ActiveCfg = Debug|Win32
		{D0C92DB6-AD4E-3D6A-86FE-ECEABC24EBB7}.Debug|Win32.Build.0 = Debug|Win32
		{D0C92DB6-AD4E-3D6A-86FE-ECEABC24EBB7}.Release|Win32.ActiveCfg = Release|Win32
		{D0C92DB6-AD4E-3D6A-86FE-ECEABC24EBB7}.Release|Win32.Build.0 = Release|Win32
		{D0C92DB6-AD4E-3D6A-86FE-ECEABC24EBB7}.MinSizeRel|Win32.ActiveCfg = MinSizeRel|Win32
		{D0C92DB6-AD4E-3D6A-86FE-ECEABC24EBB7}.MinSizeRel|Win32.Build.0 = MinSizeRel|Win32
		{D0C92DB6-AD4E-3D6A-86FE-ECEABC24EBB7}.RelWithDebInfo|Win32.ActiveCfg = RelWithDebInfo|Win32
		{D0C92DB6-AD4E-3D6A-86FE-ECEABC24EBB7}.RelWithDebInfo|Win32.Build.0 = RelWithDebInfo|Win32
		{E08666F8-BC49-3B42-BB0E-A54D5AC6DF8F}.Debug|Win32.ActiveCfg = Debug|Win32
		{E08666F8-BC49-3B42-BB0E-A54D5AC6DF8F}.Debug|Win32.Build.0 = Debug|Win32
		{E08666F8-BC49-3B42-BB0E-A54D5AC6DF8F}.Release|Win32.ActiveCfg = Release|Win32
		{E08666F8-BC49-3B42-BB0E-A54D5AC6DF8F}.Release|Win32.Build.0 = Release|Win32
		{E08666F8-BC49-3B42-BB0E-A54D5AC6DF8F}.MinSizeRel|Win32.ActiveCfg = MinSizeRel|Win32
		{E08666F8-BC49-3B42-BB0E-A54D5AC6DF8F}.MinSizeRel|Win32.Build.0 = MinSizeRel|Win32
		{E08666F8-BC49-3B42-BB0E-A54D5AC6DF8F}.RelWithDebInfo|Win32.ActiveCfg = RelWithDebInfo|Win32
		{E08666F8-BC49-3B42-BB0E-A54D5AC6DF8F}.RelWithDebInfo|Win32.Build.0 = RelWithDebInfo|Win32
		{F9D19B4F-3BBB-3ED4-A0CB-68DD33972E2A}.Debug|Win32.ActiveCfg = Debug|Win32
		{F9D19B4F-3BBB-3ED4-A0CB-68DD33972E2A}.Debug|Win32.Build.0 = Debug|Win32
		{F9D19B4F-3BBB-3ED4-A0CB-68DD33972E2A}.Release|Win32.ActiveCfg = Release|Win32
		{F9D19B4F-3BBB-3ED4-A0CB-68DD33972E2A}.Release|Win32.Build.0 = Release|Win32
		{F9D19B4F-3BBB-3ED4-A0CB-68DD33972E2A}.MinSizeRel|Win32.ActiveCfg = MinSizeRel|Win32
		{F9D19B4F-3BBB-3ED4-A0CB-68DD33972E2A}.MinSizeRel|Win32.Build.0 = MinSizeRel|Win32
		{F9D19B4F-3BBB-3ED4-A0CB-68DD33972E2A}.RelWithDebInfo|Win32.ActiveCfg = RelWithDebInfo|Win32
		{F9D19B4F-3BBB-3ED4-A0CB-68DD33972E2A}.RelWithDebInfo|Win32.Build.0 = RelWithDebInfo|Win32
		{74FE4F83-6561-3C3B-8E2B-EED01BE7AE31}.Debug|Win32.ActiveCfg = Debug|Win32
		{74FE4F83-6561-3C3B-8E2B-EED01BE7AE31}.Debug|Win32.Build.0 = Debug|Win32
		{74FE4F83-6561-3C3B-8E2B-EED01BE7AE31}.Release|Win32.ActiveCfg = Release|Win32
		{74FE4F83-6561-3C3B-8E2B-EED01BE7AE31}.Release|Win32.Build.0 = Release|Win32
		{74FE4F83-6561-3C3B-8E2B-EED01BE7AE31}.MinSizeRel|Win32.ActiveCfg = MinSizeRel|Win32
		{74FE4F83-6561-3C3B-8E2B-EED01BE7AE31}.MinSizeRel|Win32.Build.0 = MinSizeRel|Win32
		{74FE4F83-6561-3C3B-8E2B-EED01BE7AE31}.RelWithDebInfo|Win32.ActiveCfg = RelWithDebInfo|Win32
		{74FE4F83-6561-3C3B-8E2B-EED01BE7AE31}.RelWithDebInfo|Win32.Build.0 = RelWithDebInfo|Win32
		{0C2D550B-0C0A-3C6D-8723-4F6A9E12D6D3}.Debug|Win32.ActiveCfg = Debug|Win32
		{0C2D550B-0C0A-3C6D-8723-4F6A9E12D6D3}.Debug|Win32.Build.0 = Debug|Win32
		{0C2D550B-0C0A-3C6D-8723-4F6A9E12D6D3}.Release|Win32.ActiveCfg = Release|Win32
		{0C2D550B-0C0A-3C6D-8723-4F6A9E12D6D3}.Release|Win32.Build.0 = Release|Win32
		{0C2D550B-0C0A-3C6D-8723-4F6A9E12D6D3}.MinSizeRel|Win32.ActiveCfg = MinSizeRel|Win32
		{0C2D550B-0C0A-3C6D-8723-4F6A9E12D6D3}.MinSizeRel|Win32.Build.0 = MinSizeRel|Win32
		{0C2D550B-0C0A-3C6D-8723-4F6A9E12D6D3}.RelWithDebInfo|Win32.ActiveCfg = RelWithDebInfo|Win32
		{0C2D550B-0C0A-3C6D-8723-4F6A9E12D6D3}.RelWithDebInfo|Win32.Build.0 = RelWithDebInfo|Win32
		{DDBF6BDB-4C3F-3E18-ABF4-6C6393625FBA}.Debug|Win32.ActiveCfg = Debug|Win32
		{DDBF6BDB-4C3F-3E18-ABF4-6C6393625FBA}.Debug|Win32.Build.0 = Debug|Win32
		{DDBF6BDB-4C3F-3E18-ABF4-6C6393625FBA}.Release|Win32.ActiveCfg = Release|Win32
		{DDBF6BDB-4C3F-3E18-ABF4-6C6393625FBA}.Release|Win32.Build.0 = Release|Win32
		{DDBF6BDB-4C3F-3E18-ABF4-6C6393625FBA}.MinSizeRel|Win32.ActiveCfg = MinSizeRel|Win32
		{DDBF6BDB-4C3F-3E18-ABF4-6C6393625FBA}.MinSizeRel|Win32.Build.0 = MinSizeRel|Win32
		{DDBF6BDB-4C3F-3E18-ABF4-6C6393625FBA}.RelWithDebInfo|Win32.ActiveCfg = RelWithDebInfo|Win32
		{DDBF6BDB-4C3F-3E18-ABF4-6C6393625FBA}.RelWithDebInfo|Win32.Build.0 = RelWithDebInfo|Win32
		{7D04CD8D-52CF-3AEE-8F54-9401E1C324B0}.Debug|Win32.ActiveCfg = Debug|Win32
		{7D04CD8D-52CF-3AEE-8F54-9401E1C324B0}.Debug|Win32.Build.0 = Debug|Win32
		{7D04CD8D-52CF-3AEE-8F54-9401E1C324B0}.Release|Win32.ActiveCfg = Release|Win32
		{7D04CD8D-52CF-3AEE-8F54-9401E1C324B0}.Release|Win32.Build.0 = Release|Win32
		{7D04CD8D-52CF-3AEE-8F54-9401E1C324B0}.MinSizeRel|Win32.ActiveCfg = MinSizeRel|Win32
		{7D04CD8D-52CF-3AEE-8F54-9401E1C324B0}.MinSizeRel|Win32.Build.0 = MinSizeRel|Win32
		{7D04CD8D-52CF-3AEE-8F54-9401E1C324B0}.RelWithDebInfo|Win32.ActiveCfg = RelWithDebInfo|Win32
		{7D04CD8D-52CF-3AEE-8F54-9401E1C324B0}.RelWithDebInfo|Win32.Build.0 = RelWithDebInfo|Win32
		{B8D7BDD9-6E9D-3301-A7F1-12BD6A22220C}.Debug|Win32.ActiveCfg = Debug|Win32
		{B8D7BDD9-6E9D-3301-A7F1-12BD6A22220C}.Debug|Win32.Build.0 = Debug|Win32
		{B8D7BDD9-6E9D-3301-A7F1-12BD6A22220C}.Release|Win32.ActiveCfg = Release|Win32
		{B8D7BDD9-6E9D-3301-A7F1-12BD6A22220C}.Release|Win32.Build.0 = Release|Win32
		{B8D7BDD9-6E9D-3301-A7F1-12BD6A22220C}.MinSizeRel|Win32.ActiveCfg = MinSizeRel|Win32
		{B8D7BDD9-6E9D-3301-A7F1-12BD6A22220C}.MinSizeRel|Win32.Build.0 = MinSizeRel|Win32
		{B8D7BDD9-6E9D-3301-A7F1-12BD6A22220C}.RelWithDebInfo|Win32.ActiveCfg = RelWithDebInfo|Win32
		{B8D7BDD9-6E9D-3301-A7F1-12BD6A22220C}.RelWithDebInfo|Win32.Build.0 = RelWithDebInfo|Win32
		{C80B8639-3856-3C22-8001-53FB3202F7BB}.Debug|Win32.ActiveCfg = Debug|Win32
		{C80B8639-3856-3C22-8001-53FB3202F7BB}.Debug|Win32.Build.0 = Debug|Win32
		{C80B8639-3856-3C22-8001-53FB3202F7BB}.Release|Win32.ActiveCfg = Release|Win32
		{C80B8639-3856-3C22-8001-53FB3202F7BB}.Release|Win32.Build.0 = Release|Win32
		{C80B8639-3856-3C22-8001-53FB3202F7BB}.MinSizeRel|Win32.ActiveCfg = MinSizeRel|Win32
		{C80B8639-3856-3C22-8001-53FB3202F7BB}.MinSizeRel|Win32.Build.0 = MinSizeRel|Win32
		{C80B8639-3856-3C22-8001-53FB3202F7BB}.RelWithDebInfo|Win32.ActiveCfg = RelWithDebInfo|Win32
		{C80B8639-3856-3C22-8001-53FB3202F7BB}.RelWithDebInfo|Win32.Build.0 = RelWithDebInfo|Win32
		{5DCE19FD-8296-3DEE-9878-032E16E5919F}.Debug|Win32.ActiveCfg = Debug|Win32
		{5DCE19FD-8296-3DEE-9878-032E16E5919F}.Debug|Win32.Build.0 = Debug|Win32
		{5DCE19FD-8296-3DEE-9878-032E16E5919F}.Release|Win32.ActiveCfg = Release|Win32
		{5DCE19FD-8296-3DEE-9878-032E16E5919F}.Release|Win32.Build.0 = Release|Win32
		{5DCE19FD-8296-3DEE-9878-032E16E5919F}.MinSizeRel|Win32.ActiveCfg = MinSizeRel|Win32
		{5DCE19FD-8296-3DEE-9878-032E16E5919F}.MinSizeRel|Win32.Build.0 = MinSizeRel|Win32
		{5DCE19FD-8296-3DEE-9878-032E16E5919F}.RelWithDebInfo|Win32.ActiveCfg = RelWithDebInfo|Win32
		{5DCE19FD-8296-3DEE-9878-032E16E5919F}.RelWithDebInfo|Win32.Build.0 = RelWithDebInfo|Win32
		{4C805304-8D18-3B5E-8954-0874DDA86F30}.Debug|Win32.ActiveCfg = Debug|Win32
		{4C805304-8D18-3B5E-8954-0874DDA86F30}.Debug|Win32.Build.0 = Debug|Win32
		{4C805304-8D18-3B5E-8954-0874DDA86F30}.Release|Win32.ActiveCfg = Release|Win32
		{4C805304-8D18-3B5E-8954-0874DDA86F30}.Release|Win32.Build.0 = Release|Win32
		{4C805304-8D18-3B5E-8954-0874DDA86F30}.MinSizeRel|Win32.ActiveCfg = MinSizeRel|Win32
		{4C805304-8D18-3B5E-8954-0874DDA86F30}.MinSizeRel|Win32.Build.0 = MinSizeRel|Win32
		{4C805304-8D18-3B5E-8954-0874DDA86F30}.RelWithDebInfo|Win32.ActiveCfg = RelWithDebInfo|Win32
		{4C805304-8D18-3B5E-8954-0874DDA86F30}.RelWithDebInfo|Win32.Build.0 = RelWithDebInfo|Win32
		{4CA9EC87-4460-3E66-8F7D-17107632C30A}.Debug|Win32.ActiveCfg = Debug|Win32
		{4CA9EC87-4460-3E66-8F7D-17107632C30A}.Debug|Win32.Build.0 = Debug|Win32
		{4CA9EC87-4460-3E66-8F7D-17107632C30A}.Release|Win32.ActiveCfg = Release|Win32
		{4CA9EC87-4460-3E66-8F7D-17107632C30A}.Release|Win32.Build.0 = Release|Win32
		{4CA9EC87-4460-3E66-8F7D-17107632C30A}.MinSizeRel|Win32.ActiveCfg = MinSizeRel|Win32
		{4CA9EC87-4460-3E66-8F7D-17107632C30A}.MinSizeRel|Win32.Build.0 = MinSizeRel|Win32
		{4CA9EC87-4460-3E66-8F7D-17107632C30A}.RelWithDebInfo|Win32.ActiveCfg = RelWithDebInfo|Win32
		{4CA9EC87-4460-3E66-8F7D-17107632C30A}.RelWithDebInfo|Win32.Build.0 = RelWithDebInfo|Win32
		{5A92736D-B01A-3926-90E7-EC743B0C1403}.Debug|Win32.ActiveCfg = Debug|Win32
		{5A92736D-B01A-3926-90E7-EC743B0C1403}.Debug|Win32.Build.0 = Debug|Win32
		{5A92736D-B01A-3926-90E7-EC743B0C1403}.Release|Win32.ActiveCfg = Release|Win32
		{5A92736D-B01A-3926-90E7-EC743B0C1403}.Release|Win32.Build.0 = Release|Win32
		{5A92736D-B01A-3926-90E7-EC743B0C1403}.MinSizeRel|Win32.ActiveCfg = MinSizeRel|Win32
		{5A92736D-B01A-3926-90E7-EC743B0C1403}.MinSizeRel|Win32.Build.0 = MinSizeRel|Win32
		{5A92736D-B01A-3926-90E7-EC743B0C1403}.RelWithDebInfo|Win32.ActiveCfg = RelWithDebInfo|Win32
		{5A92736D-B01A-3926-90E7-EC743B0C1403}.RelWithDebInfo|Win32.Build.0 = RelWithDebInfo|Win32
		{80C62AE8-5A02-3B88-8B54-CA6021A00C37}.Debug|Win32.ActiveCfg = Debug|Win32
		{80C62AE8-5A02-3B88-8B54-CA6021A00C37}.Debug|Win32.Build.0 = Debug|Win32
		{80C62AE8-5A02-3B88-8B54-CA6021A00C37}.Release|Win32.ActiveCfg = Release|Win32
		{80C62AE8-5A02-3B88-8B54-CA6021A00C37}.Release|Win32.Build.0 = Release|Win32
		{80C62AE8-5A02-3B88-8B54-CA6021A00C37}.MinSizeRel|Win32.ActiveCfg = MinSizeRel|Win32
		{80C62AE8-5A02-3B88-8B54-CA6021A00C37}.MinSizeRel|Win32.Build.0 = MinSizeRel|Win32
		{80C62AE8-5A02-3B88-8B54-CA6021A00C37}.RelWithDebInfo|Win32.ActiveCfg = RelWithDebInfo|Win32
		{80C62AE8-5A02-3B88-8B54-CA6021A00C37}.RelWithDebInfo|Win32.Build.0 = RelWithDebInfo|Win32
		{4BAF0D92-1AC1-3AE6-B67A-B873F01A4194}.Debug|Win32.ActiveCfg = Debug|Win32
		{4BAF0D92-1AC1-3AE6-B67A-B873F01A4194}.Debug|Win32.Build.0 = Debug|Win32
		{4BAF0D92-1AC1-3AE6-B67A-B873F01A4194}.Release|Win32.ActiveCfg = Release|Win32
		{4BAF0D92-1AC1-3AE6-B67A-B873F01A4194}.Release|Win32.Build.0 = Release|Win32
		{4BAF0D92-1AC1-3AE6-B67A-B873F01A4194}.MinSizeRel|Win32.ActiveCfg = MinSizeRel|Win32
		{4BAF0D92-1AC1-3AE6-B67A-B873F01A4194}.MinSizeRel|Win32.Build.0 = MinSizeRel|Win32
		{4BAF0D92-1AC1-3AE6-B67A-B873F01A4194}.RelWithDebInfo|Win32.ActiveCfg = RelWithDebInfo|Win32
		{4BAF0D92-1AC1-3AE6-B67A-B873F01A4194}.RelWithDebInfo|Win32.Build.0 = RelWithDebInfo|Win32
		{4F05D2B1-3894-3BC1-9674-D293D203DA91}.Debug|Win32.ActiveCfg = Debug|Win32
		{4F05D2B1-3894-3BC1-9674-D293D203DA91}.Debug|Win32.Build.0 = Debug|Win32
		{4F05D2B1-3894-3BC1-9674-D293D203DA91}.Release|Win32.ActiveCfg = Release|Win32
		{4F05D2B1-3894-3BC1-9674-D293D203DA91}.Release|Win32.Build.0 = Release|Win32
		{4F05D2B1-3894-3BC1-9674-D293D203DA91}.MinSizeRel|Win32.ActiveCfg = MinSizeRel|Win32
		{4F05D2B1-3894-3BC1-9674-D293D203DA91}.MinSizeRel|Win32.Build.0 = MinSizeRel|Win32
		{4F05D2B1-3894-3BC1-9674-D293D203DA91}.RelWithDebInfo|Win32.ActiveCfg = RelWithDebInfo|Win32
		{4F05D2B1-3894-3BC1-9674-D293D203DA91}.RelWithDebInfo|Win32.Build.0 = RelWithDebInfo|Win32
		{3294F4DD-3CCB-33F9-AD19-6384B081047C}.Debug|Win32.ActiveCfg = Debug|Win32
		{3294F4DD-3CCB-33F9-AD19-6384B081047C}.Debug|Win32.Build.0 = Debug|Win32
		{3294F4DD-3CCB-33F9-AD19-6384B081047C}.Release|Win32.ActiveCfg = Release|Win32
		{3294F4DD-3CCB-33F9-AD19-6384B081047C}.Release|Win32.Build.0 = Release|Win32
		{3294F4DD-3CCB-33F9-AD19-6384B081047C}.MinSizeRel|Win32.ActiveCfg = MinSizeRel|Win32
		{3294F4DD-3CCB-33F9-AD19-6384B081047C}.MinSizeRel|Win32.Build.0 = MinSizeRel|Win32
		{3294F4DD-3CCB-33F9-AD19-6384B081047C}.RelWithDebInfo|Win32.ActiveCfg = RelWithDebInfo|Win32
		{3294F4DD-3CCB-33F9-AD19-6384B081047C}.RelWithDebInfo|Win32.Build.0 = RelWithDebInfo|Win32
		{49755B36-9C69-3944-B3EA-7E95D70DC195}.Debug|Win32.ActiveCfg = Debug|Win32
		{49755B36-9C69-3944-B3EA-7E95D70DC195}.Debug|Win32.Build.0 = Debug|Win32
		{49755B36-9C69-3944-B3EA-7E95D70DC195}.Release|Win32.ActiveCfg = Release|Win32
		{49755B36-9C69-3944-B3EA-7E95D70DC195}.Release|Win32.Build.0 = Release|Win32
		{49755B36-9C69-3944-B3EA-7E95D70DC195}.MinSizeRel|Win32.ActiveCfg = MinSizeRel|Win32
		{49755B36-9C69-3944-B3EA-7E95D70DC195}.MinSizeRel|Win32.Build.0 = MinSizeRel|Win32
		{49755B36-9C69-3944-B3EA-7E95D70DC195}.RelWithDebInfo|Win32.ActiveCfg = RelWithDebInfo|Win32
		{49755B36-9C69-3944-B3EA-7E95D70DC195}.RelWithDebInfo|Win32.Build.0 = RelWithDebInfo|Win32
		{0FBB5026-2D8A-30FF-A974-9549161D43BA}.Debug|Win32.ActiveCfg = Debug|Win32
		{0FBB5026-2D8A-30FF-A974-9549161D43BA}.Debug|Win32.Build.0 = Debug|Win32
		{0FBB5026-2D8A-30FF-A974-9549161D43BA}.Release|Win32.ActiveCfg = Release|Win32
		{0FBB5026-2D8A-30FF-A974-9549161D43BA}.Release|Win32.Build.0 = Release|Win32
		{0FBB5026-2D8A-30FF-A974-9549161D43BA}.MinSizeRel|Win32.ActiveCfg = MinSizeRel|Win32
		{0FBB5026-2D8A-30FF-A974-9549161D43BA}.MinSizeRel|Win32.Build.0 = MinSizeRel|Win32
		{0FBB5026-2D8A-30FF-A974-9549161D43BA}.RelWithDebInfo|Win32.ActiveCfg = RelWithDebInfo|Win32
		{0FBB5026-2D8A-30FF-A974-9549161D43BA}.RelWithDebInfo|Win32.Build.0 = RelWithDebInfo|Win32
		{BE0D42BE-1446-3E62-ADC6-AA09549B6F8B}.Debug|Win32.ActiveCfg = Debug|Win32
		{BE0D42BE-1446-3E62-ADC6-AA09549B6F8B}.Debug|Win32.Build.0 = Debug|Win32
		{BE0D42BE-1446-3E62-ADC6-AA09549B6F8B}.Release|Win32.ActiveCfg = Release|Win32
		{BE0D42BE-1446-3E62-ADC6-AA09549B6F8B}.Release|Win32.Build.0 = Release|Win32
		{BE0D42BE-1446-3E62-ADC6-AA09549B6F8B}.MinSizeRel|Win32.ActiveCfg = MinSizeRel|Win32
		{BE0D42BE-1446-3E62-ADC6-AA09549B6F8B}.MinSizeRel|Win32.Build.0 = MinSizeRel|Win32
		{BE0D42BE-1446-3E62-ADC6-AA09549B6F8B}.RelWithDebInfo|Win32.ActiveCfg = RelWithDebInfo|Win32
		{BE0D42BE-1446-3E62-ADC6-AA09549B6F8B}.RelWithDebInfo|Win32.Build.0 = RelWithDebInfo|Win32
		{1A42F4E3-EF93-32DF-AB28-79B167A4FA00}.Debug|Win32.ActiveCfg = Debug|Win32
		{1A42F4E3-EF93-32DF-AB28-79B167A4FA00}.Debug|Win32.Build.0 = Debug|Win32
		{1A42F4E3-EF93-32DF-AB28-79B167A4FA00}.Release|Win32.ActiveCfg = Release|Win32
		{1A42F4E3-EF93-32DF-AB28-79B167A4FA00}.Release|Win32.Build.0 = Release|Win32
		{1A42F4E3-EF93-32DF-AB28-79B167A4FA00}.MinSizeRel|Win32.ActiveCfg = MinSizeRel|Win32
		{1A42F4E3-EF93-32DF-AB28-79B167A4FA00}.MinSizeRel|Win32.Build.0 = MinSizeRel|Win32
		{1A42F4E3-EF93-32DF-AB28-79B167A4FA00}.RelWithDebInfo|Win32.ActiveCfg = RelWithDebInfo|Win32
		{1A42F4E3-EF93-32DF-AB28-79B167A4FA00}.RelWithDebInfo|Win32.Build.0 = RelWithDebInfo|Win32
		{12373FCC-043D-3CD3-993B-28969DCA4F0F}.Debug|Win32.ActiveCfg = Debug|Win32
		{12373FCC-043D-3CD3-993B-28969DCA4F0F}.Debug|Win32.Build.0 = Debug|Win32
		{12373FCC-043D-3CD3-993B-28969DCA4F0F}.Release|Win32.ActiveCfg = Release|Win32
		{12373FCC-043D-3CD3-993B-28969DCA4F0F}.Release|Win32.Build.0 = Release|Win32
		{12373FCC-043D-3CD3-993B-28969DCA4F0F}.MinSizeRel|Win32.ActiveCfg = MinSizeRel|Win32
		{12373FCC-043D-3CD3-993B-28969DCA4F0F}.MinSizeRel|Win32.Build.0 = MinSizeRel|Win32
		{12373FCC-043D-3CD3-993B-28969DCA4F0F}.RelWithDebInfo|Win32.ActiveCfg = RelWithDebInfo|Win32
		{12373FCC-043D-3CD3-993B-28969DCA4F0F}.RelWithDebInfo|Win32.Build.0 = RelWithDebInfo|Win32
		{05C80588-3AE0-358D-BF83-030A920F4E4F}.Debug|Win32.ActiveCfg = Debug|Win32
		{05C80588-3AE0-358D-BF83-030A920F4E4F}.Debug|Win32.Build.0 = Debug|Win32
		{05C80588-3AE0-358D-BF83-030A920F4E4F}.Release|Win32.ActiveCfg = Release|Win32
		{05C80588-3AE0-358D-BF83-030A920F4E4F}.Release|Win32.Build.0 = Release|Win32
		{05C80588-3AE0-358D-BF83-030A920F4E4F}.MinSizeRel|Win32.ActiveCfg = MinSizeRel|Win32
		{05C80588-3AE0-358D-BF83-030A920F4E4F}.MinSizeRel|Win32.Build.0 = MinSizeRel|Win32
		{05C80588-3AE0-358D-BF83-030A920F4E4F}.RelWithDebInfo|Win32.ActiveCfg = RelWithDebInfo|Win32
		{05C80588-3AE0-358D-BF83-030A920F4E4F}.RelWithDebInfo|Win32.Build.0 = RelWithDebInfo|Win32
		{4257E4A0-5727-3C43-B474-B902F01E9C7C}.Debug|Win32.ActiveCfg = Debug|Win32
		{4257E4A0-5727-3C43-B474-B902F01E9C7C}.Debug|Win32.Build.0 = Debug|Win32
		{4257E4A0-5727-3C43-B474-B902F01E9C7C}.Release|Win32.ActiveCfg = Release|Win32
		{4257E4A0-5727-3C43-B474-B902F01E9C7C}.Release|Win32.Build.0 = Release|Win32
		{4257E4A0-5727-3C43-B474-B902F01E9C7C}.MinSizeRel|Win32.ActiveCfg = MinSizeRel|Win32
		{4257E4A0-5727-3C43-B474-B902F01E9C7C}.MinSizeRel|Win32.Build.0 = MinSizeRel|Win32
		{4257E4A0-5727-3C43-B474-B902F01E9C7C}.RelWithDebInfo|Win32.ActiveCfg = RelWithDebInfo|Win32
		{4257E4A0-5727-3C43-B474-B902F01E9C7C}.RelWithDebInfo|Win32.Build.0 = RelWithDebInfo|Win32
		{D02EA15D-F7F7-3D8E-AE3E-EE52752CF9C0}.Debug|Win32.ActiveCfg = Debug|Win32
		{D02EA15D-F7F7-3D8E-AE3E-EE52752CF9C0}.Debug|Win32.Build.0 = Debug|Win32
		{D02EA15D-F7F7-3D8E-AE3E-EE52752CF9C0}.Release|Win32.ActiveCfg = Release|Win32
		{D02EA15D-F7F7-3D8E-AE3E-EE52752CF9C0}.Release|Win32.Build.0 = Release|Win32
		{D02EA15D-F7F7-3D8E-AE3E-EE52752CF9C0}.MinSizeRel|Win32.ActiveCfg = MinSizeRel|Win32
		{D02EA15D-F7F7-3D8E-AE3E-EE52752CF9C0}.MinSizeRel|Win32.Build.0 = MinSizeRel|Win32
		{D02EA15D-F7F7-3D8E-AE3E-EE52752CF9C0}.RelWithDebInfo|Win32.ActiveCfg = RelWithDebInfo|Win32
		{D02EA15D-F7F7-3D8E-AE3E-EE52752CF9C0}.RelWithDebInfo|Win32.Build.0 = RelWithDebInfo|Win32
		{A3089D1D-7E0A-3831-94E2-822B88545E08}.Debug|Win32.ActiveCfg = Debug|Win32
		{A3089D1D-7E0A-3831-94E2-822B88545E08}.Debug|Win32.Build.0 = Debug|Win32
		{A3089D1D-7E0A-3831-94E2-822B88545E08}.Release|Win32.ActiveCfg = Release|Win32
		{A3089D1D-7E0A-3831-94E2-822B88545E08}.Release|Win32.Build.0 = Release|Win32
		{A3089D1D-7E0A-3831-94E2-822B88545E08}.MinSizeRel|Win32.ActiveCfg = MinSizeRel|Win32
		{A3089D1D-7E0A-3831-94E2-822B88545E08}.MinSizeRel|Win32.Build.0 = MinSizeRel|Win32
		{A3089D1D-7E0A-3831-94E2-822B88545E08}.RelWithDebInfo|Win32.ActiveCfg = RelWithDebInfo|Win32
		{A3089D1D-7E0A-3831-94E2-822B88545E08}.RelWithDebInfo|Win32.Build.0 = RelWithDebInfo|Win32
		{6B249275-CAED-3C63-994A-B674E4D4A98D}.Debug|Win32.ActiveCfg = Debug|Win32
		{6B249275-CAED-3C63-994A-B674E4D4A98D}.Debug|Win32.Build.0 = Debug|Win32
		{6B249275-CAED-3C63-994A-B674E4D4A98D}.Release|Win32.ActiveCfg = Release|Win32
		{6B249275-CAED-3C63-994A-B674E4D4A98D}.Release|Win32.Build.0 = Release|Win32
		{6B249275-CAED-3C63-994A-B674E4D4A98D}.MinSizeRel|Win32.ActiveCfg = MinSizeRel|Win32
		{6B249275-CAED-3C63-994A-B674E4D4A98D}.MinSizeRel|Win32.Build.0 = MinSizeRel|Win32
		{6B249275-CAED-3C63-994A-B674E4D4A98D}.RelWithDebInfo|Win32.ActiveCfg = RelWithDebInfo|Win32
		{6B249275-CAED-3C63-994A-B674E4D4A98D}.RelWithDebInfo|Win32.Build.0 = RelWithDebInfo|Win32
		{7E039BAF-0280-3AEB-8EAC-487027CECCD0}.Debug|Win32.ActiveCfg = Debug|Win32
		{7E039BAF-0280-3AEB-8EAC-487027CECCD0}.Debug|Win32.Build.0 = Debug|Win32
		{7E039BAF-0280-3AEB-8EAC-487027CECCD0}.Release|Win32.ActiveCfg = Release|Win32
		{7E039BAF-0280-3AEB-8EAC-487027CECCD0}.Release|Win32.Build.0 = Release|Win32
		{7E039BAF-0280-3AEB-8EAC-487027CECCD0}.MinSizeRel|Win32.ActiveCfg = MinSizeRel|Win32
		{7E039BAF-0280-3AEB-8EAC-487027CECCD0}.MinSizeRel|Win32.Build.0 = MinSizeRel|Win32
		{7E039BAF-0280-3AEB-8EAC-487027CECCD0}.RelWithDebInfo|Win32.ActiveCfg = RelWithDebInfo|Win32
		{7E039BAF-0280-3AEB-8EAC-487027CECCD0}.RelWithDebInfo|Win32.Build.0 = RelWithDebInfo|Win32
		{1B709CC2-5A2A-3B53-9BA0-CB59CEAD72B9}.Debug|Win32.ActiveCfg = Debug|Win32
		{1B709CC2-5A2A-3B53-9BA0-CB59CEAD72B9}.Debug|Win32.Build.0 = Debug|Win32
		{1B709CC2-5A2A-3B53-9BA0-CB59CEAD72B9}.Release|Win32.ActiveCfg = Release|Win32
		{1B709CC2-5A2A-3B53-9BA0-CB59CEAD72B9}.Release|Win32.Build.0 = Release|Win32
		{1B709CC2-5A2A-3B53-9BA0-CB59CEAD72B9}.MinSizeRel|Win32.ActiveCfg = MinSizeRel|Win32
		{1B709CC2-5A2A-3B53-9BA0-CB59CEAD72B9}.MinSizeRel|Win32.Build.0 = MinSizeRel|Win32
		{1B709CC2-5A2A-3B53-9BA0-CB59CEAD72B9}.RelWithDebInfo|Win32.ActiveCfg = RelWithDebInfo|Win32
		{1B709CC2-5A2A-3B53-9BA0-CB59CEAD72B9}.RelWithDebInfo|Win32.Build.0 = RelWithDebInfo|Win32
		{F6B826FE-D4B6-31DC-8139-6D15023654DC}.Debug|Win32.ActiveCfg = Debug|Win32
		{F6B826FE-D4B6-31DC-8139-6D15023654DC}.Debug|Win32.Build.0 = Debug|Win32
		{F6B826FE-D4B6-31DC-8139-6D15023654DC}.Release|Win32.ActiveCfg = Release|Win32
		{F6B826FE-D4B6-31DC-8139-6D15023654DC}.Release|Win32.Build.0 = Release|Win32
		{F6B826FE-D4B6-31DC-8139-6D15023654DC}.MinSizeRel|Win32.ActiveCfg = MinSizeRel|Win32
		{F6B826FE-D4B6-31DC-8139-6D15023654DC}.MinSizeRel|Win32.Build.0 = MinSizeRel|Win32
		{F6B826FE-D4B6-31DC-8139-6D15023654DC}.RelWithDebInfo|Win32.ActiveCfg = RelWithDebInfo|Win32
		{F6B826FE-D4B6-31DC-8139-6D15023654DC}.RelWithDebInfo|Win32.Build.0 = RelWithDebInfo|Win32
		{30165303-28F4-363A-9513-EF73802FAC29}.Debug|Win32.ActiveCfg = Debug|Win32
		{30165303-28F4-363A-9513-EF73802FAC29}.Debug|Win32.Build.0 = Debug|Win32
		{30165303-28F4-363A-9513-EF73802FAC29}.Release|Win32.ActiveCfg = Release|Win32
		{30165303-28F4-363A-9513-EF73802FAC29}.Release|Win32.Build.0 = Release|Win32
		{30165303-28F4-363A-9513-EF73802FAC29}.MinSizeRel|Win32.ActiveCfg = MinSizeRel|Win32
		{30165303-28F4-363A-9513-EF73802FAC29}.MinSizeRel|Win32.Build.0 = MinSizeRel|Win32
		{30165303-28F4-363A-9513-EF73802FAC29}.RelWithDebInfo|Win32.ActiveCfg = RelWithDebInfo|Win32
		{30165303-28F4-363A-9513-EF73802FAC29}.RelWithDebInfo|Win32.Build.0 = RelWithDebInfo|Win32
		{9D7CC6C2-10B5-3B28-85A2-C8FB2C716B11}.Debug|Win32.ActiveCfg = Debug|Win32
		{9D7CC6C2-10B5-3B28-85A2-C8FB2C716B11}.Debug|Win32.Build.0 = Debug|Win32
		{9D7CC6C2-10B5-3B28-85A2-C8FB2C716B11}.Release|Win32.ActiveCfg = Release|Win32
		{9D7CC6C2-10B5-3B28-85A2-C8FB2C716B11}.Release|Win32.Build.0 = Release|Win32
		{9D7CC6C2-10B5-3B28-85A2-C8FB2C716B11}.MinSizeRel|Win32.ActiveCfg = MinSizeRel|Win32
		{9D7CC6C2-10B5-3B28-85A2-C8FB2C716B11}.MinSizeRel|Win32.Build.0 = MinSizeRel|Win32
		{9D7CC6C2-10B5-3B28-85A2-C8FB2C716B11}.RelWithDebInfo|Win32.ActiveCfg = RelWithDebInfo|Win32
		{9D7CC6C2-10B5-3B28-85A2-C8FB2C716B11}.RelWithDebInfo|Win32.Build.0 = RelWithDebInfo|Win32
		{0A299F05-9E23-35F0-B5A2-F7CE1FBC9452}.Debug|Win32.ActiveCfg = Debug|Win32
		{0A299F05-9E23-35F0-B5A2-F7CE1FBC9452}.Debug|Win32.Build.0 = Debug|Win32
		{0A299F05-9E23-35F0-B5A2-F7CE1FBC9452}.Release|Win32.ActiveCfg = Release|Win32
		{0A299F05-9E23-35F0-B5A2-F7CE1FBC9452}.Release|Win32.Build.0 = Release|Win32
		{0A299F05-9E23-35F0-B5A2-F7CE1FBC9452}.MinSizeRel|Win32.ActiveCfg = MinSizeRel|Win32
		{0A299F05-9E23-35F0-B5A2-F7CE1FBC9452}.MinSizeRel|Win32.Build.0 = MinSizeRel|Win32
		{0A299F05-9E23-35F0-B5A2-F7CE1FBC9452}.RelWithDebInfo|Win32.ActiveCfg = RelWithDebInfo|Win32
		{0A299F05-9E23-35F0-B5A2-F7CE1FBC9452}.RelWithDebInfo|Win32.Build.0 = RelWithDebInfo|Win32
		{059AD819-905B-3119-9B37-2CBD516674AC}.Debug|Win32.ActiveCfg = Debug|Win32
		{059AD819-905B-3119-9B37-2CBD516674AC}.Debug|Win32.Build.0 = Debug|Win32
		{059AD819-905B-3119-9B37-2CBD516674AC}.Release|Win32.ActiveCfg = Release|Win32
		{059AD819-905B-3119-9B37-2CBD516674AC}.Release|Win32.Build.0 = Release|Win32
		{059AD819-905B-3119-9B37-2CBD516674AC}.MinSizeRel|Win32.ActiveCfg = MinSizeRel|Win32
		{059AD819-905B-3119-9B37-2CBD516674AC}.MinSizeRel|Win32.Build.0 = MinSizeRel|Win32
		{059AD819-905B-3119-9B37-2CBD516674AC}.RelWithDebInfo|Win32.ActiveCfg = RelWithDebInfo|Win32
		{059AD819-905B-3119-9B37-2CBD516674AC}.RelWithDebInfo|Win32.Build.0 = RelWithDebInfo|Win32
		{327D929A-B6FE-3C07-BFF7-47046D95C3A0}.Debug|Win32.ActiveCfg = Debug|Win32
		{327D929A-B6FE-3C07-BFF7-47046D95C3A0}.Debug|Win32.Build.0 = Debug|Win32
		{327D929A-B6FE-3C07-BFF7-47046D95C3A0}.Release|Win32.ActiveCfg = Release|Win32
		{327D929A-B6FE-3C07-BFF7-47046D95C3A0}.Release|Win32.Build.0 = Release|Win32
		{327D929A-B6FE-3C07-BFF7-47046D95C3A0}.MinSizeRel|Win32.ActiveCfg = MinSizeRel|Win32
		{327D929A-B6FE-3C07-BFF7-47046D95C3A0}.MinSizeRel|Win32.Build.0 = MinSizeRel|Win32
		{327D929A-B6FE-3C07-BFF7-47046D95C3A0}.RelWithDebInfo|Win32.ActiveCfg = RelWithDebInfo|Win32
		{327D929A-B6FE-3C07-BFF7-47046D95C3A0}.RelWithDebInfo|Win32.Build.0 = RelWithDebInfo|Win32
		{7552466A-B4DF-333C-8B09-59F863F22107}.Debug|Win32.ActiveCfg = Debug|Win32
		{7552466A-B4DF-333C-8B09-59F863F22107}.Debug|Win32.Build.0 = Debug|Win32
		{7552466A-B4DF-333C-8B09-59F863F22107}.Release|Win32.ActiveCfg = Release|Win32
		{7552466A-B4DF-333C-8B09-59F863F22107}.Release|Win32.Build.0 = Release|Win32
		{7552466A-B4DF-333C-8B09-59F863F22107}.MinSizeRel|Win32.ActiveCfg = MinSizeRel|Win32
		{7552466A-B4DF-333C-8B09-59F863F22107}.MinSizeRel|Win32.Build.0 = MinSizeRel|Win32
		{7552466A-B4DF-333C-8B09-59F863F22107}.RelWithDebInfo|Win32.ActiveCfg = RelWithDebInfo|Win32
		{7552466A-B4DF-333C-8B09-59F863F22107}.RelWithDebInfo|Win32.Build.0 = RelWithDebInfo|Win32
		{C0C8049A-0BA5-32B9-A223-2B14072919AC}.Debug|Win32.ActiveCfg = Debug|Win32
		{C0C8049A-0BA5-32B9-A223-2B14072919AC}.Debug|Win32.Build.0 = Debug|Win32
		{C0C8049A-0BA5-32B9-A223-2B14072919AC}.Release|Win32.ActiveCfg = Release|Win32
		{C0C8049A-0BA5-32B9-A223-2B14072919AC}.Release|Win32.Build.0 = Release|Win32
		{C0C8049A-0BA5-32B9-A223-2B14072919AC}.MinSizeRel|Win32.ActiveCfg = MinSizeRel|Win32
		{C0C8049A-0BA5-32B9-A223-2B14072919AC}.MinSizeRel|Win32.Build.0 = MinSizeRel|Win32
		{C0C8049A-0BA5-32B9-A223-2B14072919AC}.RelWithDebInfo|Win32.ActiveCfg = RelWithDebInfo|Win32
		{C0C8049A-0BA5-32B9-A223-2B14072919AC}.RelWithDebInfo|Win32.Build.0 = RelWithDebInfo|Win32
		{62CBF51B-52AE-3530-B031-71E9B077A688}.Debug|Win32.ActiveCfg = Debug|Win32
		{62CBF51B-52AE-3530-B031-71E9B077A688}.Debug|Win32.Build.0 = Debug|Win32
		{62CBF51B-52AE-3530-B031-71E9B077A688}.Release|Win32.ActiveCfg = Release|Win32
		{62CBF51B-52AE-3530-B031-71E9B077A688}.Release|Win32.Build.0 = Release|Win32
		{62CBF51B-52AE-3530-B031-71E9B077A688}.MinSizeRel|Win32.ActiveCfg = MinSizeRel|Win32
		{62CBF51B-52AE-3530-B031-71E9B077A688}.MinSizeRel|Win32.Build.0 = MinSizeRel|Win32
		{62CBF51B-52AE-3530-B031-71E9B077A688}.RelWithDebInfo|Win32.ActiveCfg = RelWithDebInfo|Win32
		{62CBF51B-52AE-3530-B031-71E9B077A688}.RelWithDebInfo|Win32.Build.0 = RelWithDebInfo|Win32
		{F43C1AC2-4745-3D6B-890C-8DB8104DBD70}.Debug|Win32.ActiveCfg = Debug|Win32
		{F43C1AC2-4745-3D6B-890C-8DB8104DBD70}.Debug|Win32.Build.0 = Debug|Win32
		{F43C1AC2-4745-3D6B-890C-8DB8104DBD70}.Release|Win32.ActiveCfg = Release|Win32
		{F43C1AC2-4745-3D6B-890C-8DB8104DBD70}.Release|Win32.Build.0 = Release|Win32
		{F43C1AC2-4745-3D6B-890C-8DB8104DBD70}.MinSizeRel|Win32.ActiveCfg = MinSizeRel|Win32
		{F43C1AC2-4745-3D6B-890C-8DB8104DBD70}.MinSizeRel|Win32.Build.0 = MinSizeRel|Win32
		{F43C1AC2-4745-3D6B-890C-8DB8104DBD70}.RelWithDebInfo|Win32.ActiveCfg = RelWithDebInfo|Win32
		{F43C1AC2-4745-3D6B-890C-8DB8104DBD70}.RelWithDebInfo|Win32.Build.0 = RelWithDebInfo|Win32
		{136440B1-7CDC-3A94-84C8-789A5063D1A2}.Debug|Win32.ActiveCfg = Debug|Win32
		{136440B1-7CDC-3A94-84C8-789A5063D1A2}.Debug|Win32.Build.0 = Debug|Win32
		{136440B1-7CDC-3A94-84C8-789A5063D1A2}.Release|Win32.ActiveCfg = Release|Win32
		{136440B1-7CDC-3A94-84C8-789A5063D1A2}.Release|Win32.Build.0 = Release|Win32
		{136440B1-7CDC-3A94-84C8-789A5063D1A2}.MinSizeRel|Win32.ActiveCfg = MinSizeRel|Win32
		{136440B1-7CDC-3A94-84C8-789A5063D1A2}.MinSizeRel|Win32.Build.0 = MinSizeRel|Win32
		{136440B1-7CDC-3A94-84C8-789A5063D1A2}.RelWithDebInfo|Win32.ActiveCfg = RelWithDebInfo|Win32
		{136440B1-7CDC-3A94-84C8-789A5063D1A2}.RelWithDebInfo|Win32.Build.0 = RelWithDebInfo|Win32
		{2B06F809-5096-38F8-9D13-EE2B28032655}.Debug|Win32.ActiveCfg = Debug|Win32
		{2B06F809-5096-38F8-9D13-EE2B28032655}.Debug|Win32.Build.0 = Debug|Win32
		{2B06F809-5096-38F8-9D13-EE2B28032655}.Release|Win32.ActiveCfg = Release|Win32
		{2B06F809-5096-38F8-9D13-EE2B28032655}.Release|Win32.Build.0 = Release|Win32
		{2B06F809-5096-38F8-9D13-EE2B28032655}.MinSizeRel|Win32.ActiveCfg = MinSizeRel|Win32
		{2B06F809-5096-38F8-9D13-EE2B28032655}.MinSizeRel|Win32.Build.0 = MinSizeRel|Win32
		{2B06F809-5096-38F8-9D13-EE2B28032655}.RelWithDebInfo|Win32.ActiveCfg = RelWithDebInfo|Win32
		{2B06F809-5096-38F8-9D13-EE2B28032655}.RelWithDebInfo|Win32.Build.0 = RelWithDebInfo|Win32
		{7CB2DD9A-1399-3B3F-AD07-55AE1A46C01A}.Debug|Win32.ActiveCfg = Debug|Win32
		{7CB2DD9A-1399-3B3F-AD07-55AE1A46C01A}.Debug|Win32.Build.0 = Debug|Win32
		{7CB2DD9A-1399-3B3F-AD07-55AE1A46C01A}.Release|Win32.ActiveCfg = Release|Win32
		{7CB2DD9A-1399-3B3F-AD07-55AE1A46C01A}.Release|Win32.Build.0 = Release|Win32
		{7CB2DD9A-1399-3B3F-AD07-55AE1A46C01A}.MinSizeRel|Win32.ActiveCfg = MinSizeRel|Win32
		{7CB2DD9A-1399-3B3F-AD07-55AE1A46C01A}.MinSizeRel|Win32.Build.0 = MinSizeRel|Win32
		{7CB2DD9A-1399-3B3F-AD07-55AE1A46C01A}.RelWithDebInfo|Win32.ActiveCfg = RelWithDebInfo|Win32
		{7CB2DD9A-1399-3B3F-AD07-55AE1A46C01A}.RelWithDebInfo|Win32.Build.0 = RelWithDebInfo|Win32
		{F4199EA9-1131-3297-AA28-51008CAA9FAD}.Debug|Win32.ActiveCfg = Debug|Win32
		{F4199EA9-1131-3297-AA28-51008CAA9FAD}.Debug|Win32.Build.0 = Debug|Win32
		{F4199EA9-1131-3297-AA28-51008CAA9FAD}.Release|Win32.ActiveCfg = Release|Win32
		{F4199EA9-1131-3297-AA28-51008CAA9FAD}.Release|Win32.Build.0 = Release|Win32
		{F4199EA9-1131-3297-AA28-51008CAA9FAD}.MinSizeRel|Win32.ActiveCfg = MinSizeRel|Win32
		{F4199EA9-1131-3297-AA28-51008CAA9FAD}.MinSizeRel|Win32.Build.0 = MinSizeRel|Win32
		{F4199EA9-1131-3297-AA28-51008CAA9FAD}.RelWithDebInfo|Win32.ActiveCfg = RelWithDebInfo|Win32
		{F4199EA9-1131-3297-AA28-51008CAA9FAD}.RelWithDebInfo|Win32.Build.0 = RelWithDebInfo|Win32
		{2E9D3EE2-50B6-3B1C-B7BE-ADFD079598F0}.Debug|Win32.ActiveCfg = Debug|Win32
		{2E9D3EE2-50B6-3B1C-B7BE-ADFD079598F0}.Debug|Win32.Build.0 = Debug|Win32
		{2E9D3EE2-50B6-3B1C-B7BE-ADFD079598F0}.Release|Win32.ActiveCfg = Release|Win32
		{2E9D3EE2-50B6-3B1C-B7BE-ADFD079598F0}.Release|Win32.Build.0 = Release|Win32
		{2E9D3EE2-50B6-3B1C-B7BE-ADFD079598F0}.MinSizeRel|Win32.ActiveCfg = MinSizeRel|Win32
		{2E9D3EE2-50B6-3B1C-B7BE-ADFD079598F0}.MinSizeRel|Win32.Build.0 = MinSizeRel|Win32
		{2E9D3EE2-50B6-3B1C-B7BE-ADFD079598F0}.RelWithDebInfo|Win32.ActiveCfg = RelWithDebInfo|Win32
		{2E9D3EE2-50B6-3B1C-B7BE-ADFD079598F0}.RelWithDebInfo|Win32.Build.0 = RelWithDebInfo|Win32
		{6D7E2120-9878-32F3-91B6-BEA5866EC861}.Debug|Win32.ActiveCfg = Debug|Win32
		{6D7E2120-9878-32F3-91B6-BEA5866EC861}.Debug|Win32.Build.0 = Debug|Win32
		{6D7E2120-9878-32F3-91B6-BEA5866EC861}.Release|Win32.ActiveCfg = Release|Win32
		{6D7E2120-9878-32F3-91B6-BEA5866EC861}.Release|Win32.Build.0 = Release|Win32
		{6D7E2120-9878-32F3-91B6-BEA5866EC861}.MinSizeRel|Win32.ActiveCfg = MinSizeRel|Win32
		{6D7E2120-9878-32F3-91B6-BEA5866EC861}.MinSizeRel|Win32.Build.0 = MinSizeRel|Win32
		{6D7E2120-9878-32F3-91B6-BEA5866EC861}.RelWithDebInfo|Win32.ActiveCfg = RelWithDebInfo|Win32
		{6D7E2120-9878-32F3-91B6-BEA5866EC861}.RelWithDebInfo|Win32.Build.0 = RelWithDebInfo|Win32
		{36D7E069-F8AA-38D8-A9F5-40D562A82E81}.Debug|Win32.ActiveCfg = Debug|Win32
		{36D7E069-F8AA-38D8-A9F5-40D562A82E81}.Debug|Win32.Build.0 = Debug|Win32
		{36D7E069-F8AA-38D8-A9F5-40D562A82E81}.Release|Win32.ActiveCfg = Release|Win32
		{36D7E069-F8AA-38D8-A9F5-40D562A82E81}.Release|Win32.Build.0 = Release|Win32
		{36D7E069-F8AA-38D8-A9F5-40D562A82E81}.MinSizeRel|Win32.ActiveCfg = MinSizeRel|Win32
		{36D7E069-F8AA-38D8-A9F5-40D562A82E81}.MinSizeRel|Win32.Build.0 = MinSizeRel|Win32
		{36D7E069-F8AA-38D8-A9F5-40D562A82E81}.RelWithDebInfo|Win32.ActiveCfg = RelWithDebInfo|Win32
		{36D7E069-F8AA-38D8-A9F5-40D562A82E81}.RelWithDebInfo|Win32.Build.0 = RelWithDebInfo|Win32
		{9142E049-C972-375E-9971-929E01C8A17F}.Debug|Win32.ActiveCfg = Debug|Win32
		{9142E049-C972-375E-9971-929E01C8A17F}.Debug|Win32.Build.0 = Debug|Win32
		{9142E049-C972-375E-9971-929E01C8A17F}.Release|Win32.ActiveCfg = Release|Win32
		{9142E049-C972-375E-9971-929E01C8A17F}.Release|Win32.Build.0 = Release|Win32
		{9142E049-C972-375E-9971-929E01C8A17F}.MinSizeRel|Win32.ActiveCfg = MinSizeRel|Win32
		{9142E049-C972-375E-9971-929E01C8A17F}.MinSizeRel|Win32.Build.0 = MinSizeRel|Win32
		{9142E049-C972-375E-9971-929E01C8A17F}.RelWithDebInfo|Win32.ActiveCfg = RelWithDebInfo|Win32
		{9142E049-C972-375E-9971-929E01C8A17F}.RelWithDebInfo|Win32.Build.0 = RelWithDebInfo|Win32
		{C353FA9F-3DBB-36A3-859E-146251AE8426}.Debug|Win32.ActiveCfg = Debug|Win32
		{C353FA9F-3DBB-36A3-859E-146251AE8426}.Release|Win32.ActiveCfg = Release|Win32
		{C353FA9F-3DBB-36A3-859E-146251AE8426}.MinSizeRel|Win32.ActiveCfg = MinSizeRel|Win32
		{C353FA9F-3DBB-36A3-859E-146251AE8426}.RelWithDebInfo|Win32.ActiveCfg = RelWithDebInfo|Win32
		{B69C4581-C3FD-316D-B32B-E0EA2C3F7EA0}.Debug|Win32.ActiveCfg = Debug|Win32
		{B69C4581-C3FD-316D-B32B-E0EA2C3F7EA0}.Debug|Win32.Build.0 = Debug|Win32
		{B69C4581-C3FD-316D-B32B-E0EA2C3F7EA0}.Release|Win32.ActiveCfg = Release|Win32
		{B69C4581-C3FD-316D-B32B-E0EA2C3F7EA0}.Release|Win32.Build.0 = Release|Win32
		{B69C4581-C3FD-316D-B32B-E0EA2C3F7EA0}.MinSizeRel|Win32.ActiveCfg = MinSizeRel|Win32
		{B69C4581-C3FD-316D-B32B-E0EA2C3F7EA0}.MinSizeRel|Win32.Build.0 = MinSizeRel|Win32
		{B69C4581-C3FD-316D-B32B-E0EA2C3F7EA0}.RelWithDebInfo|Win32.ActiveCfg = RelWithDebInfo|Win32
		{B69C4581-C3FD-316D-B32B-E0EA2C3F7EA0}.RelWithDebInfo|Win32.Build.0 = RelWithDebInfo|Win32
		{B233ECAD-6CAD-3EA7-97B8-2E8A908031F9}.Debug|Win32.ActiveCfg = Debug|Win32
		{B233ECAD-6CAD-3EA7-97B8-2E8A908031F9}.Debug|Win32.Build.0 = Debug|Win32
		{B233ECAD-6CAD-3EA7-97B8-2E8A908031F9}.Release|Win32.ActiveCfg = Release|Win32
		{B233ECAD-6CAD-3EA7-97B8-2E8A908031F9}.Release|Win32.Build.0 = Release|Win32
		{B233ECAD-6CAD-3EA7-97B8-2E8A908031F9}.MinSizeRel|Win32.ActiveCfg = MinSizeRel|Win32
		{B233ECAD-6CAD-3EA7-97B8-2E8A908031F9}.MinSizeRel|Win32.Build.0 = MinSizeRel|Win32
		{B233ECAD-6CAD-3EA7-97B8-2E8A908031F9}.RelWithDebInfo|Win32.ActiveCfg = RelWithDebInfo|Win32
		{B233ECAD-6CAD-3EA7-97B8-2E8A908031F9}.RelWithDebInfo|Win32.Build.0 = RelWithDebInfo|Win32
		{DAB783BE-7084-3B59-B171-AD00C040528E}.Debug|Win32.ActiveCfg = Debug|Win32
		{DAB783BE-7084-3B59-B171-AD00C040528E}.Debug|Win32.Build.0 = Debug|Win32
		{DAB783BE-7084-3B59-B171-AD00C040528E}.Release|Win32.ActiveCfg = Release|Win32
		{DAB783BE-7084-3B59-B171-AD00C040528E}.Release|Win32.Build.0 = Release|Win32
		{DAB783BE-7084-3B59-B171-AD00C040528E}.MinSizeRel|Win32.ActiveCfg = MinSizeRel|Win32
		{DAB783BE-7084-3B59-B171-AD00C040528E}.MinSizeRel|Win32.Build.0 = MinSizeRel|Win32
		{DAB783BE-7084-3B59-B171-AD00C040528E}.RelWithDebInfo|Win32.ActiveCfg = RelWithDebInfo|Win32
		{DAB783BE-7084-3B59-B171-AD00C040528E}.RelWithDebInfo|Win32.Build.0 = RelWithDebInfo|Win32
	EndGlobalSection
	GlobalSection(NestedProjects) = preSolution
		{64561F52-2910-3511-9A3F-79281598E76D} = {D3DDB79A-8F43-3A8E-8218-3D733E4A20D4}
		{FA132FA3-E616-3BA9-8E41-2619D58AC41D} = {D3DDB79A-8F43-3A8E-8218-3D733E4A20D4}
		{07257D47-590E-3142-970F-77A36C1A87BE} = {D3DDB79A-8F43-3A8E-8218-3D733E4A20D4}
		{479E7A52-801C-35DC-9D46-3D139FAED69A} = {BEEC61FF-2340-33E7-A5F4-E1453BC4A55A}
		{8E68757E-B9D6-3ECB-ADF0-B0DE93D96312} = {BEEC61FF-2340-33E7-A5F4-E1453BC4A55A}
		{7D04CD8D-52CF-3AEE-8F54-9401E1C324B0} = {BEEC61FF-2340-33E7-A5F4-E1453BC4A55A}
		{355810BE-F8CE-308D-9B4C-7A604FBD7396} = {479E7A52-801C-35DC-9D46-3D139FAED69A}
		{DDBF6BDB-4C3F-3E18-ABF4-6C6393625FBA} = {479E7A52-801C-35DC-9D46-3D139FAED69A}
		{C80B8639-3856-3C22-8001-53FB3202F7BB} = {479E7A52-801C-35DC-9D46-3D139FAED69A}
		{3294F4DD-3CCB-33F9-AD19-6384B081047C} = {479E7A52-801C-35DC-9D46-3D139FAED69A}
		{1A42F4E3-EF93-32DF-AB28-79B167A4FA00} = {479E7A52-801C-35DC-9D46-3D139FAED69A}
		{12373FCC-043D-3CD3-993B-28969DCA4F0F} = {479E7A52-801C-35DC-9D46-3D139FAED69A}
		{B69C4581-C3FD-316D-B32B-E0EA2C3F7EA0} = {479E7A52-801C-35DC-9D46-3D139FAED69A}
		{D0C92DB6-AD4E-3D6A-86FE-ECEABC24EBB7} = {8E68757E-B9D6-3ECB-ADF0-B0DE93D96312}
		{E08666F8-BC49-3B42-BB0E-A54D5AC6DF8F} = {8E68757E-B9D6-3ECB-ADF0-B0DE93D96312}
		{F9D19B4F-3BBB-3ED4-A0CB-68DD33972E2A} = {8E68757E-B9D6-3ECB-ADF0-B0DE93D96312}
		{74FE4F83-6561-3C3B-8E2B-EED01BE7AE31} = {8E68757E-B9D6-3ECB-ADF0-B0DE93D96312}
		{0C2D550B-0C0A-3C6D-8723-4F6A9E12D6D3} = {8E68757E-B9D6-3ECB-ADF0-B0DE93D96312}
		{B8D7BDD9-6E9D-3301-A7F1-12BD6A22220C} = {8E68757E-B9D6-3ECB-ADF0-B0DE93D96312}
		{5DCE19FD-8296-3DEE-9878-032E16E5919F} = {8E68757E-B9D6-3ECB-ADF0-B0DE93D96312}
		{4C805304-8D18-3B5E-8954-0874DDA86F30} = {8E68757E-B9D6-3ECB-ADF0-B0DE93D96312}
		{4BAF0D92-1AC1-3AE6-B67A-B873F01A4194} = {8E68757E-B9D6-3ECB-ADF0-B0DE93D96312}
		{4F05D2B1-3894-3BC1-9674-D293D203DA91} = {8E68757E-B9D6-3ECB-ADF0-B0DE93D96312}
		{0FBB5026-2D8A-30FF-A974-9549161D43BA} = {8E68757E-B9D6-3ECB-ADF0-B0DE93D96312}
		{BE0D42BE-1446-3E62-ADC6-AA09549B6F8B} = {8E68757E-B9D6-3ECB-ADF0-B0DE93D96312}
		{05C80588-3AE0-358D-BF83-030A920F4E4F} = {8E68757E-B9D6-3ECB-ADF0-B0DE93D96312}
		{4257E4A0-5727-3C43-B474-B902F01E9C7C} = {8E68757E-B9D6-3ECB-ADF0-B0DE93D96312}
		{D02EA15D-F7F7-3D8E-AE3E-EE52752CF9C0} = {8E68757E-B9D6-3ECB-ADF0-B0DE93D96312}
		{B233ECAD-6CAD-3EA7-97B8-2E8A908031F9} = {8E68757E-B9D6-3ECB-ADF0-B0DE93D96312}
	EndGlobalSection
	GlobalSection(ExtensibilityGlobals) = postSolution
		SolutionGuid = {05B34187-B13B-3C38-948B-28B2E36A76EB}
	EndGlobalSection
	GlobalSection(ExtensibilityAddIns) = postSolution
	EndGlobalSection
EndGlobal
